// !$*UTF8*$!
{
	archiveVersion = 1;
	classes = {
	};
	objectVersion = 46;
	objects = {

/* Begin PBXBuildFile section */
		9011DFC21B6A3C8700FFFFFB /* ECBaseTableViewController.m in Sources */ = {isa = PBXBuildFile; fileRef = 9011DFBF1B6A3C8700FFFFFB /* ECBaseTableViewController.m */; };
		9011DFC31B6A3C8700FFFFFB /* ECBaseViewController.m in Sources */ = {isa = PBXBuildFile; fileRef = 9011DFC11B6A3C8700FFFFFB /* ECBaseViewController.m */; };
		9011DFD81B6A3F9900FFFFFB /* ECChatListCell.m in Sources */ = {isa = PBXBuildFile; fileRef = 9011DFD41B6A3F9900FFFFFB /* ECChatListCell.m */; };
		9011DFD91B6A3F9900FFFFFB /* ECChatListCell.xib in Resources */ = {isa = PBXBuildFile; fileRef = 9011DFD51B6A3F9900FFFFFB /* ECChatListCell.xib */; };
		9011DFDA1B6A3F9900FFFFFB /* ECChatListCellModel.m in Sources */ = {isa = PBXBuildFile; fileRef = 9011DFD71B6A3F9900FFFFFB /* ECChatListCellModel.m */; };
		90127DBB1B8C2018007534A6 /* EMFMDatabase.m in Sources */ = {isa = PBXBuildFile; fileRef = 90127DB11B8C2018007534A6 /* EMFMDatabase.m */; };
		90127DBC1B8C2018007534A6 /* EMFMDatabaseAdditions.m in Sources */ = {isa = PBXBuildFile; fileRef = 90127DB31B8C2018007534A6 /* EMFMDatabaseAdditions.m */; };
		90127DBD1B8C2018007534A6 /* EMFMDatabasePool.m in Sources */ = {isa = PBXBuildFile; fileRef = 90127DB51B8C2018007534A6 /* EMFMDatabasePool.m */; };
		90127DBE1B8C2018007534A6 /* EMFMDatabaseQueue.m in Sources */ = {isa = PBXBuildFile; fileRef = 90127DB71B8C2018007534A6 /* EMFMDatabaseQueue.m */; };
		90127DBF1B8C2018007534A6 /* EMFMResultSet.m in Sources */ = {isa = PBXBuildFile; fileRef = 90127DBA1B8C2018007534A6 /* EMFMResultSet.m */; };
		901D61DB1B86E992004CE921 /* tabbar_chats.png in Resources */ = {isa = PBXBuildFile; fileRef = 901D61C31B86E992004CE921 /* tabbar_chats.png */; };
		901D61DC1B86E992004CE921 /* tabbar_chats@2x.png in Resources */ = {isa = PBXBuildFile; fileRef = 901D61C41B86E992004CE921 /* tabbar_chats@2x.png */; };
		901D61DD1B86E992004CE921 /* tabbar_chats@3x.png in Resources */ = {isa = PBXBuildFile; fileRef = 901D61C51B86E992004CE921 /* tabbar_chats@3x.png */; };
		901D61DE1B86E992004CE921 /* tabbar_chatsHL.png in Resources */ = {isa = PBXBuildFile; fileRef = 901D61C61B86E992004CE921 /* tabbar_chatsHL.png */; };
		901D61DF1B86E992004CE921 /* tabbar_chatsHL@2x.png in Resources */ = {isa = PBXBuildFile; fileRef = 901D61C71B86E992004CE921 /* tabbar_chatsHL@2x.png */; };
		901D61E01B86E992004CE921 /* tabbar_chatsHL@3x.png in Resources */ = {isa = PBXBuildFile; fileRef = 901D61C81B86E992004CE921 /* tabbar_chatsHL@3x.png */; };
		901D61E11B86E992004CE921 /* tabbar_contacts.png in Resources */ = {isa = PBXBuildFile; fileRef = 901D61C91B86E992004CE921 /* tabbar_contacts.png */; };
		901D61E21B86E992004CE921 /* tabbar_contacts@2x.png in Resources */ = {isa = PBXBuildFile; fileRef = 901D61CA1B86E992004CE921 /* tabbar_contacts@2x.png */; };
		901D61E31B86E992004CE921 /* tabbar_contacts@3x.png in Resources */ = {isa = PBXBuildFile; fileRef = 901D61CB1B86E992004CE921 /* tabbar_contacts@3x.png */; };
		901D61E41B86E992004CE921 /* tabbar_contactsHL.png in Resources */ = {isa = PBXBuildFile; fileRef = 901D61CC1B86E992004CE921 /* tabbar_contactsHL.png */; };
		901D61E51B86E992004CE921 /* tabbar_contactsHL@2x.png in Resources */ = {isa = PBXBuildFile; fileRef = 901D61CD1B86E992004CE921 /* tabbar_contactsHL@2x.png */; };
		901D61E61B86E992004CE921 /* tabbar_contactsHL@3x.png in Resources */ = {isa = PBXBuildFile; fileRef = 901D61CE1B86E992004CE921 /* tabbar_contactsHL@3x.png */; };
		901D61E71B86E992004CE921 /* tabbar_setting.png in Resources */ = {isa = PBXBuildFile; fileRef = 901D61CF1B86E992004CE921 /* tabbar_setting.png */; };
		901D61E81B86E992004CE921 /* tabbar_setting@2x.png in Resources */ = {isa = PBXBuildFile; fileRef = 901D61D01B86E992004CE921 /* tabbar_setting@2x.png */; };
		901D61E91B86E992004CE921 /* tabbar_setting@3x.png in Resources */ = {isa = PBXBuildFile; fileRef = 901D61D11B86E992004CE921 /* tabbar_setting@3x.png */; };
		901D61EA1B86E992004CE921 /* tabbar_settingHL.png in Resources */ = {isa = PBXBuildFile; fileRef = 901D61D21B86E992004CE921 /* tabbar_settingHL.png */; };
		901D61EB1B86E992004CE921 /* tabbar_settingHL@2x.png in Resources */ = {isa = PBXBuildFile; fileRef = 901D61D31B86E992004CE921 /* tabbar_settingHL@2x.png */; };
		901D61EC1B86E992004CE921 /* tabbar_settingHL@3x.png in Resources */ = {isa = PBXBuildFile; fileRef = 901D61D41B86E992004CE921 /* tabbar_settingHL@3x.png */; };
		901D61ED1B86E992004CE921 /* tabbar_social.png in Resources */ = {isa = PBXBuildFile; fileRef = 901D61D51B86E992004CE921 /* tabbar_social.png */; };
		901D61EE1B86E992004CE921 /* tabbar_social@2x.png in Resources */ = {isa = PBXBuildFile; fileRef = 901D61D61B86E992004CE921 /* tabbar_social@2x.png */; };
		901D61EF1B86E992004CE921 /* tabbar_social@3x.png in Resources */ = {isa = PBXBuildFile; fileRef = 901D61D71B86E992004CE921 /* tabbar_social@3x.png */; };
		901D61F01B86E992004CE921 /* tabbar_socialHL.png in Resources */ = {isa = PBXBuildFile; fileRef = 901D61D81B86E992004CE921 /* tabbar_socialHL.png */; };
		901D61F11B86E992004CE921 /* tabbar_socialHL@2x.png in Resources */ = {isa = PBXBuildFile; fileRef = 901D61D91B86E992004CE921 /* tabbar_socialHL@2x.png */; };
		901D61F21B86E992004CE921 /* tabbar_socialHL@3x.png in Resources */ = {isa = PBXBuildFile; fileRef = 901D61DA1B86E992004CE921 /* tabbar_socialHL@3x.png */; };
		9034B3D21B6A1932000D0107 /* chatListCellHead.png in Resources */ = {isa = PBXBuildFile; fileRef = 9034B3BF1B6A1932000D0107 /* chatListCellHead.png */; };
		9034B3D31B6A1932000D0107 /* chatListCellHead@2x.png in Resources */ = {isa = PBXBuildFile; fileRef = 9034B3C01B6A1932000D0107 /* chatListCellHead@2x.png */; };
		9034B3E61B6A1B5F000D0107 /* UIView+Radius.m in Sources */ = {isa = PBXBuildFile; fileRef = 9034B3E51B6A1B5F000D0107 /* UIView+Radius.m */; };
		904226E91B82F3B900EE8B0E /* DTFolderBar.m in Sources */ = {isa = PBXBuildFile; fileRef = 904226D51B82F3B900EE8B0E /* DTFolderBar.m */; };
		904226EA1B82F3B900EE8B0E /* DTFolderItem.m in Sources */ = {isa = PBXBuildFile; fileRef = 904226D81B82F3B900EE8B0E /* DTFolderItem.m */; };
		904226EB1B82F3B900EE8B0E /* DTNavigationController.m in Sources */ = {isa = PBXBuildFile; fileRef = 904226DC1B82F3B900EE8B0E /* DTNavigationController.m */; };
		904226EC1B82F3B900EE8B0E /* ActionBtn.png in Resources */ = {isa = PBXBuildFile; fileRef = 904226DF1B82F3B900EE8B0E /* ActionBtn.png */; };
		904226ED1B82F3B900EE8B0E /* ActionBtn@2x.png in Resources */ = {isa = PBXBuildFile; fileRef = 904226E01B82F3B900EE8B0E /* ActionBtn@2x.png */; };
		904226EE1B82F3B900EE8B0E /* ActionBtnPress.png in Resources */ = {isa = PBXBuildFile; fileRef = 904226E11B82F3B900EE8B0E /* ActionBtnPress.png */; };
		904226EF1B82F3B900EE8B0E /* ActionBtnPress@2x.png in Resources */ = {isa = PBXBuildFile; fileRef = 904226E21B82F3B900EE8B0E /* ActionBtnPress@2x.png */; };
		904226F01B82F3B900EE8B0E /* FolderBar.png in Resources */ = {isa = PBXBuildFile; fileRef = 904226E31B82F3B900EE8B0E /* FolderBar.png */; };
		904226F11B82F3B900EE8B0E /* FolderBar@2x.png in Resources */ = {isa = PBXBuildFile; fileRef = 904226E41B82F3B900EE8B0E /* FolderBar@2x.png */; };
		904226F21B82F3B900EE8B0E /* FolderItemBgImage.png in Resources */ = {isa = PBXBuildFile; fileRef = 904226E51B82F3B900EE8B0E /* FolderItemBgImage.png */; };
		904226F31B82F3B900EE8B0E /* FolderItemBgImage@2x.png in Resources */ = {isa = PBXBuildFile; fileRef = 904226E61B82F3B900EE8B0E /* FolderItemBgImage@2x.png */; };
		904226F41B82F3B900EE8B0E /* Home.png in Resources */ = {isa = PBXBuildFile; fileRef = 904226E71B82F3B900EE8B0E /* Home.png */; };
		904226F51B82F3B900EE8B0E /* Home@2x.png in Resources */ = {isa = PBXBuildFile; fileRef = 904226E81B82F3B900EE8B0E /* Home@2x.png */; };
		904226F81B82F4BF00EE8B0E /* ECDepartmentListViewController.m in Sources */ = {isa = PBXBuildFile; fileRef = 904226F71B82F4BF00EE8B0E /* ECDepartmentListViewController.m */; };
		90519B8F1B6657750048A081 /* main.m in Sources */ = {isa = PBXBuildFile; fileRef = 90519B8E1B6657750048A081 /* main.m */; };
		90519B921B6657750048A081 /* AppDelegate.m in Sources */ = {isa = PBXBuildFile; fileRef = 90519B911B6657750048A081 /* AppDelegate.m */; };
		90519B9A1B6657750048A081 /* Images.xcassets in Resources */ = {isa = PBXBuildFile; fileRef = 90519B991B6657750048A081 /* Images.xcassets */; };
		90519C181B665B030048A081 /* ECChatListViewController.m in Sources */ = {isa = PBXBuildFile; fileRef = 90519C171B665B030048A081 /* ECChatListViewController.m */; };
		90519C1C1B665B470048A081 /* ECChatViewController.m in Sources */ = {isa = PBXBuildFile; fileRef = 90519C1B1B665B470048A081 /* ECChatViewController.m */; };
		90519C251B665C7D0048A081 /* ECMainViewController.m in Sources */ = {isa = PBXBuildFile; fileRef = 90519C241B665C7D0048A081 /* ECMainViewController.m */; };
		90519C281B665CCD0048A081 /* ECFriendListViewController.m in Sources */ = {isa = PBXBuildFile; fileRef = 90519C271B665CCD0048A081 /* ECFriendListViewController.m */; };
		90519C2B1B665CE50048A081 /* ECEnterpriseListViewController.m in Sources */ = {isa = PBXBuildFile; fileRef = 90519C2A1B665CE50048A081 /* ECEnterpriseListViewController.m */; };
		90519C2E1B665CFE0048A081 /* ECSettingsListViewController.m in Sources */ = {isa = PBXBuildFile; fileRef = 90519C2D1B665CFE0048A081 /* ECSettingsListViewController.m */; };
		90519C321B665F450048A081 /* ECNavigationController.m in Sources */ = {isa = PBXBuildFile; fileRef = 90519C311B665F450048A081 /* ECNavigationController.m */; };
		90519C381B6660600048A081 /* ECViewManager.m in Sources */ = {isa = PBXBuildFile; fileRef = 90519C371B6660600048A081 /* ECViewManager.m */; };
		9063A38F1B6B1EC2007D4ED8 /* ECFriendListCellModel.m in Sources */ = {isa = PBXBuildFile; fileRef = 9063A38E1B6B1EC2007D4ED8 /* ECFriendListCellModel.m */; };
		9063A3931B6B1EDE007D4ED8 /* ECFriendListCell.m in Sources */ = {isa = PBXBuildFile; fileRef = 9063A3911B6B1EDE007D4ED8 /* ECFriendListCell.m */; };
		9063A3941B6B1EDE007D4ED8 /* ECFriendListCell.xib in Resources */ = {isa = PBXBuildFile; fileRef = 9063A3921B6B1EDE007D4ED8 /* ECFriendListCell.xib */; };
		9063A3971B6B255A007D4ED8 /* ECBaseCellModel.m in Sources */ = {isa = PBXBuildFile; fileRef = 9063A3961B6B255A007D4ED8 /* ECBaseCellModel.m */; };
		9063A39A1B6B50A5007D4ED8 /* RealtimeSearchUtil.m in Sources */ = {isa = PBXBuildFile; fileRef = 9063A3991B6B50A5007D4ED8 /* RealtimeSearchUtil.m */; };
		9063A39D1B6B5251007D4ED8 /* EMSearchDisplayController.m in Sources */ = {isa = PBXBuildFile; fileRef = 9063A39C1B6B5251007D4ED8 /* EMSearchDisplayController.m */; };
		906CAA301B6903E300BC6D2F /* MKAnnotationView+WebCache.m in Sources */ = {isa = PBXBuildFile; fileRef = 906CAA101B6903E300BC6D2F /* MKAnnotationView+WebCache.m */; };
		906CAA311B6903E300BC6D2F /* NSData+ImageContentType.m in Sources */ = {isa = PBXBuildFile; fileRef = 906CAA121B6903E300BC6D2F /* NSData+ImageContentType.m */; };
		906CAA321B6903E300BC6D2F /* SDImageCache.m in Sources */ = {isa = PBXBuildFile; fileRef = 906CAA141B6903E300BC6D2F /* SDImageCache.m */; };
		906CAA331B6903E300BC6D2F /* SDWebImageCompat.m in Sources */ = {isa = PBXBuildFile; fileRef = 906CAA161B6903E300BC6D2F /* SDWebImageCompat.m */; };
		906CAA341B6903E300BC6D2F /* SDWebImageDecoder.m in Sources */ = {isa = PBXBuildFile; fileRef = 906CAA181B6903E300BC6D2F /* SDWebImageDecoder.m */; };
		906CAA351B6903E300BC6D2F /* SDWebImageDownloader.m in Sources */ = {isa = PBXBuildFile; fileRef = 906CAA1A1B6903E300BC6D2F /* SDWebImageDownloader.m */; };
		906CAA361B6903E300BC6D2F /* SDWebImageDownloaderOperation.m in Sources */ = {isa = PBXBuildFile; fileRef = 906CAA1C1B6903E300BC6D2F /* SDWebImageDownloaderOperation.m */; };
		906CAA371B6903E300BC6D2F /* SDWebImageManager.m in Sources */ = {isa = PBXBuildFile; fileRef = 906CAA1E1B6903E300BC6D2F /* SDWebImageManager.m */; };
		906CAA381B6903E300BC6D2F /* SDWebImagePrefetcher.m in Sources */ = {isa = PBXBuildFile; fileRef = 906CAA211B6903E300BC6D2F /* SDWebImagePrefetcher.m */; };
		906CAA391B6903E300BC6D2F /* UIButton+WebCache.m in Sources */ = {isa = PBXBuildFile; fileRef = 906CAA231B6903E300BC6D2F /* UIButton+WebCache.m */; };
		906CAA3A1B6903E300BC6D2F /* UIImage+GIF.m in Sources */ = {isa = PBXBuildFile; fileRef = 906CAA251B6903E300BC6D2F /* UIImage+GIF.m */; };
		906CAA3B1B6903E300BC6D2F /* UIImage+MultiFormat.m in Sources */ = {isa = PBXBuildFile; fileRef = 906CAA271B6903E300BC6D2F /* UIImage+MultiFormat.m */; };
		906CAA3C1B6903E300BC6D2F /* UIImage+WebP.m in Sources */ = {isa = PBXBuildFile; fileRef = 906CAA291B6903E300BC6D2F /* UIImage+WebP.m */; };
		906CAA3D1B6903E300BC6D2F /* UIImageView+HighlightedWebCache.m in Sources */ = {isa = PBXBuildFile; fileRef = 906CAA2B1B6903E300BC6D2F /* UIImageView+HighlightedWebCache.m */; };
		906CAA3E1B6903E300BC6D2F /* UIImageView+WebCache.m in Sources */ = {isa = PBXBuildFile; fileRef = 906CAA2D1B6903E300BC6D2F /* UIImageView+WebCache.m */; };
		906CAA3F1B6903E300BC6D2F /* UIView+WebCacheOperation.m in Sources */ = {isa = PBXBuildFile; fileRef = 906CAA2F1B6903E300BC6D2F /* UIView+WebCacheOperation.m */; };
		90E921D81B68EFDA00FFB4D7 /* UIView+Frame.m in Sources */ = {isa = PBXBuildFile; fileRef = 90E921D51B68EFDA00FFB4D7 /* UIView+Frame.m */; };
/* End PBXBuildFile section */

/* Begin PBXFileReference section */
		9011DFBE1B6A3C8700FFFFFB /* ECBaseTableViewController.h */ = {isa = PBXFileReference; fileEncoding = 4; lastKnownFileType = sourcecode.c.h; path = ECBaseTableViewController.h; sourceTree = "<group>"; };
		9011DFBF1B6A3C8700FFFFFB /* ECBaseTableViewController.m */ = {isa = PBXFileReference; fileEncoding = 4; lastKnownFileType = sourcecode.c.objc; path = ECBaseTableViewController.m; sourceTree = "<group>"; };
		9011DFC01B6A3C8700FFFFFB /* ECBaseViewController.h */ = {isa = PBXFileReference; fileEncoding = 4; lastKnownFileType = sourcecode.c.h; path = ECBaseViewController.h; sourceTree = "<group>"; };
		9011DFC11B6A3C8700FFFFFB /* ECBaseViewController.m */ = {isa = PBXFileReference; fileEncoding = 4; lastKnownFileType = sourcecode.c.objc; path = ECBaseViewController.m; sourceTree = "<group>"; };
		9011DFD31B6A3F9900FFFFFB /* ECChatListCell.h */ = {isa = PBXFileReference; fileEncoding = 4; lastKnownFileType = sourcecode.c.h; path = ECChatListCell.h; sourceTree = "<group>"; };
		9011DFD41B6A3F9900FFFFFB /* ECChatListCell.m */ = {isa = PBXFileReference; fileEncoding = 4; lastKnownFileType = sourcecode.c.objc; path = ECChatListCell.m; sourceTree = "<group>"; };
		9011DFD51B6A3F9900FFFFFB /* ECChatListCell.xib */ = {isa = PBXFileReference; fileEncoding = 4; lastKnownFileType = file.xib; path = ECChatListCell.xib; sourceTree = "<group>"; };
		9011DFD61B6A3F9900FFFFFB /* ECChatListCellModel.h */ = {isa = PBXFileReference; fileEncoding = 4; lastKnownFileType = sourcecode.c.h; path = ECChatListCellModel.h; sourceTree = "<group>"; };
		9011DFD71B6A3F9900FFFFFB /* ECChatListCellModel.m */ = {isa = PBXFileReference; fileEncoding = 4; lastKnownFileType = sourcecode.c.objc; path = ECChatListCellModel.m; sourceTree = "<group>"; };
		90127DB01B8C2018007534A6 /* EMFMDatabase.h */ = {isa = PBXFileReference; fileEncoding = 4; lastKnownFileType = sourcecode.c.h; path = EMFMDatabase.h; sourceTree = "<group>"; };
		90127DB11B8C2018007534A6 /* EMFMDatabase.m */ = {isa = PBXFileReference; fileEncoding = 4; lastKnownFileType = sourcecode.c.objc; path = EMFMDatabase.m; sourceTree = "<group>"; };
		90127DB21B8C2018007534A6 /* EMFMDatabaseAdditions.h */ = {isa = PBXFileReference; fileEncoding = 4; lastKnownFileType = sourcecode.c.h; path = EMFMDatabaseAdditions.h; sourceTree = "<group>"; };
		90127DB31B8C2018007534A6 /* EMFMDatabaseAdditions.m */ = {isa = PBXFileReference; fileEncoding = 4; lastKnownFileType = sourcecode.c.objc; path = EMFMDatabaseAdditions.m; sourceTree = "<group>"; };
		90127DB41B8C2018007534A6 /* EMFMDatabasePool.h */ = {isa = PBXFileReference; fileEncoding = 4; lastKnownFileType = sourcecode.c.h; path = EMFMDatabasePool.h; sourceTree = "<group>"; };
		90127DB51B8C2018007534A6 /* EMFMDatabasePool.m */ = {isa = PBXFileReference; fileEncoding = 4; lastKnownFileType = sourcecode.c.objc; path = EMFMDatabasePool.m; sourceTree = "<group>"; };
		90127DB61B8C2018007534A6 /* EMFMDatabaseQueue.h */ = {isa = PBXFileReference; fileEncoding = 4; lastKnownFileType = sourcecode.c.h; path = EMFMDatabaseQueue.h; sourceTree = "<group>"; };
		90127DB71B8C2018007534A6 /* EMFMDatabaseQueue.m */ = {isa = PBXFileReference; fileEncoding = 4; lastKnownFileType = sourcecode.c.objc; path = EMFMDatabaseQueue.m; sourceTree = "<group>"; };
		90127DB81B8C2018007534A6 /* EMFMDB.h */ = {isa = PBXFileReference; fileEncoding = 4; lastKnownFileType = sourcecode.c.h; path = EMFMDB.h; sourceTree = "<group>"; };
		90127DB91B8C2018007534A6 /* EMFMResultSet.h */ = {isa = PBXFileReference; fileEncoding = 4; lastKnownFileType = sourcecode.c.h; path = EMFMResultSet.h; sourceTree = "<group>"; };
		90127DBA1B8C2018007534A6 /* EMFMResultSet.m */ = {isa = PBXFileReference; fileEncoding = 4; lastKnownFileType = sourcecode.c.objc; path = EMFMResultSet.m; sourceTree = "<group>"; };
		901D61C31B86E992004CE921 /* tabbar_chats.png */ = {isa = PBXFileReference; lastKnownFileType = image.png; path = tabbar_chats.png; sourceTree = "<group>"; };
		901D61C41B86E992004CE921 /* tabbar_chats@2x.png */ = {isa = PBXFileReference; lastKnownFileType = image.png; path = "tabbar_chats@2x.png"; sourceTree = "<group>"; };
		901D61C51B86E992004CE921 /* tabbar_chats@3x.png */ = {isa = PBXFileReference; lastKnownFileType = image.png; path = "tabbar_chats@3x.png"; sourceTree = "<group>"; };
		901D61C61B86E992004CE921 /* tabbar_chatsHL.png */ = {isa = PBXFileReference; lastKnownFileType = image.png; path = tabbar_chatsHL.png; sourceTree = "<group>"; };
		901D61C71B86E992004CE921 /* tabbar_chatsHL@2x.png */ = {isa = PBXFileReference; lastKnownFileType = image.png; path = "tabbar_chatsHL@2x.png"; sourceTree = "<group>"; };
		901D61C81B86E992004CE921 /* tabbar_chatsHL@3x.png */ = {isa = PBXFileReference; lastKnownFileType = image.png; path = "tabbar_chatsHL@3x.png"; sourceTree = "<group>"; };
		901D61C91B86E992004CE921 /* tabbar_contacts.png */ = {isa = PBXFileReference; lastKnownFileType = image.png; path = tabbar_contacts.png; sourceTree = "<group>"; };
		901D61CA1B86E992004CE921 /* tabbar_contacts@2x.png */ = {isa = PBXFileReference; lastKnownFileType = image.png; path = "tabbar_contacts@2x.png"; sourceTree = "<group>"; };
		901D61CB1B86E992004CE921 /* tabbar_contacts@3x.png */ = {isa = PBXFileReference; lastKnownFileType = image.png; path = "tabbar_contacts@3x.png"; sourceTree = "<group>"; };
		901D61CC1B86E992004CE921 /* tabbar_contactsHL.png */ = {isa = PBXFileReference; lastKnownFileType = image.png; path = tabbar_contactsHL.png; sourceTree = "<group>"; };
		901D61CD1B86E992004CE921 /* tabbar_contactsHL@2x.png */ = {isa = PBXFileReference; lastKnownFileType = image.png; path = "tabbar_contactsHL@2x.png"; sourceTree = "<group>"; };
		901D61CE1B86E992004CE921 /* tabbar_contactsHL@3x.png */ = {isa = PBXFileReference; lastKnownFileType = image.png; path = "tabbar_contactsHL@3x.png"; sourceTree = "<group>"; };
		901D61CF1B86E992004CE921 /* tabbar_setting.png */ = {isa = PBXFileReference; lastKnownFileType = image.png; path = tabbar_setting.png; sourceTree = "<group>"; };
		901D61D01B86E992004CE921 /* tabbar_setting@2x.png */ = {isa = PBXFileReference; lastKnownFileType = image.png; path = "tabbar_setting@2x.png"; sourceTree = "<group>"; };
		901D61D11B86E992004CE921 /* tabbar_setting@3x.png */ = {isa = PBXFileReference; lastKnownFileType = image.png; path = "tabbar_setting@3x.png"; sourceTree = "<group>"; };
		901D61D21B86E992004CE921 /* tabbar_settingHL.png */ = {isa = PBXFileReference; lastKnownFileType = image.png; path = tabbar_settingHL.png; sourceTree = "<group>"; };
		901D61D31B86E992004CE921 /* tabbar_settingHL@2x.png */ = {isa = PBXFileReference; lastKnownFileType = image.png; path = "tabbar_settingHL@2x.png"; sourceTree = "<group>"; };
		901D61D41B86E992004CE921 /* tabbar_settingHL@3x.png */ = {isa = PBXFileReference; lastKnownFileType = image.png; path = "tabbar_settingHL@3x.png"; sourceTree = "<group>"; };
		901D61D51B86E992004CE921 /* tabbar_social.png */ = {isa = PBXFileReference; lastKnownFileType = image.png; path = tabbar_social.png; sourceTree = "<group>"; };
		901D61D61B86E992004CE921 /* tabbar_social@2x.png */ = {isa = PBXFileReference; lastKnownFileType = image.png; path = "tabbar_social@2x.png"; sourceTree = "<group>"; };
		901D61D71B86E992004CE921 /* tabbar_social@3x.png */ = {isa = PBXFileReference; lastKnownFileType = image.png; path = "tabbar_social@3x.png"; sourceTree = "<group>"; };
		901D61D81B86E992004CE921 /* tabbar_socialHL.png */ = {isa = PBXFileReference; lastKnownFileType = image.png; path = tabbar_socialHL.png; sourceTree = "<group>"; };
		901D61D91B86E992004CE921 /* tabbar_socialHL@2x.png */ = {isa = PBXFileReference; lastKnownFileType = image.png; path = "tabbar_socialHL@2x.png"; sourceTree = "<group>"; };
		901D61DA1B86E992004CE921 /* tabbar_socialHL@3x.png */ = {isa = PBXFileReference; lastKnownFileType = image.png; path = "tabbar_socialHL@3x.png"; sourceTree = "<group>"; };
		9034B3BF1B6A1932000D0107 /* chatListCellHead.png */ = {isa = PBXFileReference; lastKnownFileType = image.png; path = chatListCellHead.png; sourceTree = "<group>"; };
		9034B3C01B6A1932000D0107 /* chatListCellHead@2x.png */ = {isa = PBXFileReference; lastKnownFileType = image.png; path = "chatListCellHead@2x.png"; sourceTree = "<group>"; };
		9034B3E41B6A1B5F000D0107 /* UIView+Radius.h */ = {isa = PBXFileReference; fileEncoding = 4; lastKnownFileType = sourcecode.c.h; path = "UIView+Radius.h"; sourceTree = "<group>"; };
		9034B3E51B6A1B5F000D0107 /* UIView+Radius.m */ = {isa = PBXFileReference; fileEncoding = 4; lastKnownFileType = sourcecode.c.objc; path = "UIView+Radius.m"; sourceTree = "<group>"; };
		904226D41B82F3B900EE8B0E /* DTFolderBar.h */ = {isa = PBXFileReference; fileEncoding = 4; lastKnownFileType = sourcecode.c.h; path = DTFolderBar.h; sourceTree = "<group>"; };
		904226D51B82F3B900EE8B0E /* DTFolderBar.m */ = {isa = PBXFileReference; fileEncoding = 4; lastKnownFileType = sourcecode.c.objc; path = DTFolderBar.m; sourceTree = "<group>"; };
		904226D61B82F3B900EE8B0E /* DTFolderConfig.h */ = {isa = PBXFileReference; fileEncoding = 4; lastKnownFileType = sourcecode.c.h; path = DTFolderConfig.h; sourceTree = "<group>"; };
		904226D71B82F3B900EE8B0E /* DTFolderItem.h */ = {isa = PBXFileReference; fileEncoding = 4; lastKnownFileType = sourcecode.c.h; path = DTFolderItem.h; sourceTree = "<group>"; };
		904226D81B82F3B900EE8B0E /* DTFolderItem.m */ = {isa = PBXFileReference; fileEncoding = 4; lastKnownFileType = sourcecode.c.objc; path = DTFolderItem.m; sourceTree = "<group>"; };
		904226D91B82F3B900EE8B0E /* DTFolderStyle.h */ = {isa = PBXFileReference; fileEncoding = 4; lastKnownFileType = sourcecode.c.h; path = DTFolderStyle.h; sourceTree = "<group>"; };
		904226DA1B82F3B900EE8B0E /* DTInstancetype.h */ = {isa = PBXFileReference; fileEncoding = 4; lastKnownFileType = sourcecode.c.h; path = DTInstancetype.h; sourceTree = "<group>"; };
		904226DB1B82F3B900EE8B0E /* DTNavigationController.h */ = {isa = PBXFileReference; fileEncoding = 4; lastKnownFileType = sourcecode.c.h; path = DTNavigationController.h; sourceTree = "<group>"; };
		904226DC1B82F3B900EE8B0E /* DTNavigationController.m */ = {isa = PBXFileReference; fileEncoding = 4; lastKnownFileType = sourcecode.c.objc; path = DTNavigationController.m; sourceTree = "<group>"; };
		904226DD1B82F3B900EE8B0E /* DTRelease.h */ = {isa = PBXFileReference; fileEncoding = 4; lastKnownFileType = sourcecode.c.h; path = DTRelease.h; sourceTree = "<group>"; };
		904226DF1B82F3B900EE8B0E /* ActionBtn.png */ = {isa = PBXFileReference; lastKnownFileType = image.png; path = ActionBtn.png; sourceTree = "<group>"; };
		904226E01B82F3B900EE8B0E /* ActionBtn@2x.png */ = {isa = PBXFileReference; lastKnownFileType = image.png; path = "ActionBtn@2x.png"; sourceTree = "<group>"; };
		904226E11B82F3B900EE8B0E /* ActionBtnPress.png */ = {isa = PBXFileReference; lastKnownFileType = image.png; path = ActionBtnPress.png; sourceTree = "<group>"; };
		904226E21B82F3B900EE8B0E /* ActionBtnPress@2x.png */ = {isa = PBXFileReference; lastKnownFileType = image.png; path = "ActionBtnPress@2x.png"; sourceTree = "<group>"; };
		904226E31B82F3B900EE8B0E /* FolderBar.png */ = {isa = PBXFileReference; lastKnownFileType = image.png; path = FolderBar.png; sourceTree = "<group>"; };
		904226E41B82F3B900EE8B0E /* FolderBar@2x.png */ = {isa = PBXFileReference; lastKnownFileType = image.png; path = "FolderBar@2x.png"; sourceTree = "<group>"; };
		904226E51B82F3B900EE8B0E /* FolderItemBgImage.png */ = {isa = PBXFileReference; lastKnownFileType = image.png; path = FolderItemBgImage.png; sourceTree = "<group>"; };
		904226E61B82F3B900EE8B0E /* FolderItemBgImage@2x.png */ = {isa = PBXFileReference; lastKnownFileType = image.png; path = "FolderItemBgImage@2x.png"; sourceTree = "<group>"; };
		904226E71B82F3B900EE8B0E /* Home.png */ = {isa = PBXFileReference; lastKnownFileType = image.png; path = Home.png; sourceTree = "<group>"; };
		904226E81B82F3B900EE8B0E /* Home@2x.png */ = {isa = PBXFileReference; lastKnownFileType = image.png; path = "Home@2x.png"; sourceTree = "<group>"; };
		904226F61B82F4BF00EE8B0E /* ECDepartmentListViewController.h */ = {isa = PBXFileReference; fileEncoding = 4; lastKnownFileType = sourcecode.c.h; path = ECDepartmentListViewController.h; sourceTree = "<group>"; };
		904226F71B82F4BF00EE8B0E /* ECDepartmentListViewController.m */ = {isa = PBXFileReference; fileEncoding = 4; lastKnownFileType = sourcecode.c.objc; path = ECDepartmentListViewController.m; sourceTree = "<group>"; };
		90519B891B6657750048A081 /* enterpriseChat.app */ = {isa = PBXFileReference; explicitFileType = wrapper.application; includeInIndex = 0; path = enterpriseChat.app; sourceTree = BUILT_PRODUCTS_DIR; };
		90519B8D1B6657750048A081 /* Info.plist */ = {isa = PBXFileReference; lastKnownFileType = text.plist.xml; path = Info.plist; sourceTree = "<group>"; };
		90519B8E1B6657750048A081 /* main.m */ = {isa = PBXFileReference; lastKnownFileType = sourcecode.c.objc; path = main.m; sourceTree = "<group>"; };
		90519B901B6657750048A081 /* AppDelegate.h */ = {isa = PBXFileReference; lastKnownFileType = sourcecode.c.h; path = AppDelegate.h; sourceTree = "<group>"; };
		90519B911B6657750048A081 /* AppDelegate.m */ = {isa = PBXFileReference; lastKnownFileType = sourcecode.c.objc; path = AppDelegate.m; sourceTree = "<group>"; };
		90519B991B6657750048A081 /* Images.xcassets */ = {isa = PBXFileReference; lastKnownFileType = folder.assetcatalog; path = Images.xcassets; sourceTree = "<group>"; };
		90519BA71B6657750048A081 /* Info.plist */ = {isa = PBXFileReference; lastKnownFileType = text.plist.xml; path = Info.plist; sourceTree = "<group>"; };
		90519BA81B6657750048A081 /* enterpriseChatTests.m */ = {isa = PBXFileReference; lastKnownFileType = sourcecode.c.objc; path = enterpriseChatTests.m; sourceTree = "<group>"; };
		90519C161B665B030048A081 /* ECChatListViewController.h */ = {isa = PBXFileReference; fileEncoding = 4; lastKnownFileType = sourcecode.c.h; path = ECChatListViewController.h; sourceTree = "<group>"; };
		90519C171B665B030048A081 /* ECChatListViewController.m */ = {isa = PBXFileReference; fileEncoding = 4; lastKnownFileType = sourcecode.c.objc; path = ECChatListViewController.m; sourceTree = "<group>"; };
		90519C1A1B665B470048A081 /* ECChatViewController.h */ = {isa = PBXFileReference; fileEncoding = 4; lastKnownFileType = sourcecode.c.h; path = ECChatViewController.h; sourceTree = "<group>"; };
		90519C1B1B665B470048A081 /* ECChatViewController.m */ = {isa = PBXFileReference; fileEncoding = 4; lastKnownFileType = sourcecode.c.objc; path = ECChatViewController.m; sourceTree = "<group>"; };
		90519C231B665C7D0048A081 /* ECMainViewController.h */ = {isa = PBXFileReference; fileEncoding = 4; lastKnownFileType = sourcecode.c.h; path = ECMainViewController.h; sourceTree = "<group>"; };
		90519C241B665C7D0048A081 /* ECMainViewController.m */ = {isa = PBXFileReference; fileEncoding = 4; lastKnownFileType = sourcecode.c.objc; path = ECMainViewController.m; sourceTree = "<group>"; };
		90519C261B665CCD0048A081 /* ECFriendListViewController.h */ = {isa = PBXFileReference; fileEncoding = 4; lastKnownFileType = sourcecode.c.h; path = ECFriendListViewController.h; sourceTree = "<group>"; };
		90519C271B665CCD0048A081 /* ECFriendListViewController.m */ = {isa = PBXFileReference; fileEncoding = 4; lastKnownFileType = sourcecode.c.objc; path = ECFriendListViewController.m; sourceTree = "<group>"; };
		90519C291B665CE50048A081 /* ECEnterpriseListViewController.h */ = {isa = PBXFileReference; fileEncoding = 4; lastKnownFileType = sourcecode.c.h; path = ECEnterpriseListViewController.h; sourceTree = "<group>"; };
		90519C2A1B665CE50048A081 /* ECEnterpriseListViewController.m */ = {isa = PBXFileReference; fileEncoding = 4; lastKnownFileType = sourcecode.c.objc; path = ECEnterpriseListViewController.m; sourceTree = "<group>"; };
		90519C2C1B665CFE0048A081 /* ECSettingsListViewController.h */ = {isa = PBXFileReference; fileEncoding = 4; lastKnownFileType = sourcecode.c.h; path = ECSettingsListViewController.h; sourceTree = "<group>"; };
		90519C2D1B665CFE0048A081 /* ECSettingsListViewController.m */ = {isa = PBXFileReference; fileEncoding = 4; lastKnownFileType = sourcecode.c.objc; path = ECSettingsListViewController.m; sourceTree = "<group>"; };
		90519C2F1B665EDC0048A081 /* enterpriseDefine.h */ = {isa = PBXFileReference; lastKnownFileType = sourcecode.c.h; path = enterpriseDefine.h; sourceTree = "<group>"; };
		90519C301B665F450048A081 /* ECNavigationController.h */ = {isa = PBXFileReference; fileEncoding = 4; lastKnownFileType = sourcecode.c.h; path = ECNavigationController.h; sourceTree = "<group>"; };
		90519C311B665F450048A081 /* ECNavigationController.m */ = {isa = PBXFileReference; fileEncoding = 4; lastKnownFileType = sourcecode.c.objc; path = ECNavigationController.m; sourceTree = "<group>"; };
		90519C361B6660600048A081 /* ECViewManager.h */ = {isa = PBXFileReference; fileEncoding = 4; lastKnownFileType = sourcecode.c.h; path = ECViewManager.h; sourceTree = "<group>"; };
		90519C371B6660600048A081 /* ECViewManager.m */ = {isa = PBXFileReference; fileEncoding = 4; lastKnownFileType = sourcecode.c.objc; path = ECViewManager.m; sourceTree = "<group>"; };
		9063A38D1B6B1EC2007D4ED8 /* ECFriendListCellModel.h */ = {isa = PBXFileReference; fileEncoding = 4; lastKnownFileType = sourcecode.c.h; path = ECFriendListCellModel.h; sourceTree = "<group>"; };
		9063A38E1B6B1EC2007D4ED8 /* ECFriendListCellModel.m */ = {isa = PBXFileReference; fileEncoding = 4; lastKnownFileType = sourcecode.c.objc; path = ECFriendListCellModel.m; sourceTree = "<group>"; };
		9063A3901B6B1EDE007D4ED8 /* ECFriendListCell.h */ = {isa = PBXFileReference; fileEncoding = 4; lastKnownFileType = sourcecode.c.h; path = ECFriendListCell.h; sourceTree = "<group>"; };
		9063A3911B6B1EDE007D4ED8 /* ECFriendListCell.m */ = {isa = PBXFileReference; fileEncoding = 4; lastKnownFileType = sourcecode.c.objc; path = ECFriendListCell.m; sourceTree = "<group>"; };
		9063A3921B6B1EDE007D4ED8 /* ECFriendListCell.xib */ = {isa = PBXFileReference; fileEncoding = 4; lastKnownFileType = file.xib; path = ECFriendListCell.xib; sourceTree = "<group>"; };
		9063A3951B6B255A007D4ED8 /* ECBaseCellModel.h */ = {isa = PBXFileReference; fileEncoding = 4; lastKnownFileType = sourcecode.c.h; path = ECBaseCellModel.h; sourceTree = "<group>"; };
		9063A3961B6B255A007D4ED8 /* ECBaseCellModel.m */ = {isa = PBXFileReference; fileEncoding = 4; lastKnownFileType = sourcecode.c.objc; path = ECBaseCellModel.m; sourceTree = "<group>"; };
		9063A3981B6B50A5007D4ED8 /* RealtimeSearchUtil.h */ = {isa = PBXFileReference; fileEncoding = 4; lastKnownFileType = sourcecode.c.h; path = RealtimeSearchUtil.h; sourceTree = "<group>"; };
		9063A3991B6B50A5007D4ED8 /* RealtimeSearchUtil.m */ = {isa = PBXFileReference; fileEncoding = 4; lastKnownFileType = sourcecode.c.objc; path = RealtimeSearchUtil.m; sourceTree = "<group>"; };
		9063A39B1B6B5251007D4ED8 /* EMSearchDisplayController.h */ = {isa = PBXFileReference; fileEncoding = 4; lastKnownFileType = sourcecode.c.h; path = EMSearchDisplayController.h; sourceTree = "<group>"; };
		9063A39C1B6B5251007D4ED8 /* EMSearchDisplayController.m */ = {isa = PBXFileReference; fileEncoding = 4; lastKnownFileType = sourcecode.c.objc; path = EMSearchDisplayController.m; sourceTree = "<group>"; };
		906CAA0F1B6903E300BC6D2F /* MKAnnotationView+WebCache.h */ = {isa = PBXFileReference; fileEncoding = 4; lastKnownFileType = sourcecode.c.h; path = "MKAnnotationView+WebCache.h"; sourceTree = "<group>"; };
		906CAA101B6903E300BC6D2F /* MKAnnotationView+WebCache.m */ = {isa = PBXFileReference; fileEncoding = 4; lastKnownFileType = sourcecode.c.objc; path = "MKAnnotationView+WebCache.m"; sourceTree = "<group>"; };
		906CAA111B6903E300BC6D2F /* NSData+ImageContentType.h */ = {isa = PBXFileReference; fileEncoding = 4; lastKnownFileType = sourcecode.c.h; path = "NSData+ImageContentType.h"; sourceTree = "<group>"; };
		906CAA121B6903E300BC6D2F /* NSData+ImageContentType.m */ = {isa = PBXFileReference; fileEncoding = 4; lastKnownFileType = sourcecode.c.objc; path = "NSData+ImageContentType.m"; sourceTree = "<group>"; };
		906CAA131B6903E300BC6D2F /* SDImageCache.h */ = {isa = PBXFileReference; fileEncoding = 4; lastKnownFileType = sourcecode.c.h; path = SDImageCache.h; sourceTree = "<group>"; };
		906CAA141B6903E300BC6D2F /* SDImageCache.m */ = {isa = PBXFileReference; fileEncoding = 4; lastKnownFileType = sourcecode.c.objc; path = SDImageCache.m; sourceTree = "<group>"; };
		906CAA151B6903E300BC6D2F /* SDWebImageCompat.h */ = {isa = PBXFileReference; fileEncoding = 4; lastKnownFileType = sourcecode.c.h; path = SDWebImageCompat.h; sourceTree = "<group>"; };
		906CAA161B6903E300BC6D2F /* SDWebImageCompat.m */ = {isa = PBXFileReference; fileEncoding = 4; lastKnownFileType = sourcecode.c.objc; path = SDWebImageCompat.m; sourceTree = "<group>"; };
		906CAA171B6903E300BC6D2F /* SDWebImageDecoder.h */ = {isa = PBXFileReference; fileEncoding = 4; lastKnownFileType = sourcecode.c.h; path = SDWebImageDecoder.h; sourceTree = "<group>"; };
		906CAA181B6903E300BC6D2F /* SDWebImageDecoder.m */ = {isa = PBXFileReference; fileEncoding = 4; lastKnownFileType = sourcecode.c.objc; path = SDWebImageDecoder.m; sourceTree = "<group>"; };
		906CAA191B6903E300BC6D2F /* SDWebImageDownloader.h */ = {isa = PBXFileReference; fileEncoding = 4; lastKnownFileType = sourcecode.c.h; path = SDWebImageDownloader.h; sourceTree = "<group>"; };
		906CAA1A1B6903E300BC6D2F /* SDWebImageDownloader.m */ = {isa = PBXFileReference; fileEncoding = 4; lastKnownFileType = sourcecode.c.objc; path = SDWebImageDownloader.m; sourceTree = "<group>"; };
		906CAA1B1B6903E300BC6D2F /* SDWebImageDownloaderOperation.h */ = {isa = PBXFileReference; fileEncoding = 4; lastKnownFileType = sourcecode.c.h; path = SDWebImageDownloaderOperation.h; sourceTree = "<group>"; };
		906CAA1C1B6903E300BC6D2F /* SDWebImageDownloaderOperation.m */ = {isa = PBXFileReference; fileEncoding = 4; lastKnownFileType = sourcecode.c.objc; path = SDWebImageDownloaderOperation.m; sourceTree = "<group>"; };
		906CAA1D1B6903E300BC6D2F /* SDWebImageManager.h */ = {isa = PBXFileReference; fileEncoding = 4; lastKnownFileType = sourcecode.c.h; path = SDWebImageManager.h; sourceTree = "<group>"; };
		906CAA1E1B6903E300BC6D2F /* SDWebImageManager.m */ = {isa = PBXFileReference; fileEncoding = 4; lastKnownFileType = sourcecode.c.objc; path = SDWebImageManager.m; sourceTree = "<group>"; };
		906CAA1F1B6903E300BC6D2F /* SDWebImageOperation.h */ = {isa = PBXFileReference; fileEncoding = 4; lastKnownFileType = sourcecode.c.h; path = SDWebImageOperation.h; sourceTree = "<group>"; };
		906CAA201B6903E300BC6D2F /* SDWebImagePrefetcher.h */ = {isa = PBXFileReference; fileEncoding = 4; lastKnownFileType = sourcecode.c.h; path = SDWebImagePrefetcher.h; sourceTree = "<group>"; };
		906CAA211B6903E300BC6D2F /* SDWebImagePrefetcher.m */ = {isa = PBXFileReference; fileEncoding = 4; lastKnownFileType = sourcecode.c.objc; path = SDWebImagePrefetcher.m; sourceTree = "<group>"; };
		906CAA221B6903E300BC6D2F /* UIButton+WebCache.h */ = {isa = PBXFileReference; fileEncoding = 4; lastKnownFileType = sourcecode.c.h; path = "UIButton+WebCache.h"; sourceTree = "<group>"; };
		906CAA231B6903E300BC6D2F /* UIButton+WebCache.m */ = {isa = PBXFileReference; fileEncoding = 4; lastKnownFileType = sourcecode.c.objc; path = "UIButton+WebCache.m"; sourceTree = "<group>"; };
		906CAA241B6903E300BC6D2F /* UIImage+GIF.h */ = {isa = PBXFileReference; fileEncoding = 4; lastKnownFileType = sourcecode.c.h; path = "UIImage+GIF.h"; sourceTree = "<group>"; };
		906CAA251B6903E300BC6D2F /* UIImage+GIF.m */ = {isa = PBXFileReference; fileEncoding = 4; lastKnownFileType = sourcecode.c.objc; path = "UIImage+GIF.m"; sourceTree = "<group>"; };
		906CAA261B6903E300BC6D2F /* UIImage+MultiFormat.h */ = {isa = PBXFileReference; fileEncoding = 4; lastKnownFileType = sourcecode.c.h; path = "UIImage+MultiFormat.h"; sourceTree = "<group>"; };
		906CAA271B6903E300BC6D2F /* UIImage+MultiFormat.m */ = {isa = PBXFileReference; fileEncoding = 4; lastKnownFileType = sourcecode.c.objc; path = "UIImage+MultiFormat.m"; sourceTree = "<group>"; };
		906CAA281B6903E300BC6D2F /* UIImage+WebP.h */ = {isa = PBXFileReference; fileEncoding = 4; lastKnownFileType = sourcecode.c.h; path = "UIImage+WebP.h"; sourceTree = "<group>"; };
		906CAA291B6903E300BC6D2F /* UIImage+WebP.m */ = {isa = PBXFileReference; fileEncoding = 4; lastKnownFileType = sourcecode.c.objc; path = "UIImage+WebP.m"; sourceTree = "<group>"; };
		906CAA2A1B6903E300BC6D2F /* UIImageView+HighlightedWebCache.h */ = {isa = PBXFileReference; fileEncoding = 4; lastKnownFileType = sourcecode.c.h; path = "UIImageView+HighlightedWebCache.h"; sourceTree = "<group>"; };
		906CAA2B1B6903E300BC6D2F /* UIImageView+HighlightedWebCache.m */ = {isa = PBXFileReference; fileEncoding = 4; lastKnownFileType = sourcecode.c.objc; path = "UIImageView+HighlightedWebCache.m"; sourceTree = "<group>"; };
		906CAA2C1B6903E300BC6D2F /* UIImageView+WebCache.h */ = {isa = PBXFileReference; fileEncoding = 4; lastKnownFileType = sourcecode.c.h; path = "UIImageView+WebCache.h"; sourceTree = "<group>"; };
		906CAA2D1B6903E300BC6D2F /* UIImageView+WebCache.m */ = {isa = PBXFileReference; fileEncoding = 4; lastKnownFileType = sourcecode.c.objc; path = "UIImageView+WebCache.m"; sourceTree = "<group>"; };
		906CAA2E1B6903E300BC6D2F /* UIView+WebCacheOperation.h */ = {isa = PBXFileReference; fileEncoding = 4; lastKnownFileType = sourcecode.c.h; path = "UIView+WebCacheOperation.h"; sourceTree = "<group>"; };
		906CAA2F1B6903E300BC6D2F /* UIView+WebCacheOperation.m */ = {isa = PBXFileReference; fileEncoding = 4; lastKnownFileType = sourcecode.c.objc; path = "UIView+WebCacheOperation.m"; sourceTree = "<group>"; };
		90E921D41B68EFDA00FFB4D7 /* UIView+Frame.h */ = {isa = PBXFileReference; fileEncoding = 4; lastKnownFileType = sourcecode.c.h; path = "UIView+Frame.h"; sourceTree = "<group>"; };
		90E921D51B68EFDA00FFB4D7 /* UIView+Frame.m */ = {isa = PBXFileReference; fileEncoding = 4; lastKnownFileType = sourcecode.c.objc; path = "UIView+Frame.m"; sourceTree = "<group>"; };
		90E921DA1B68F01D00FFB4D7 /* enterpriseChat.pch */ = {isa = PBXFileReference; lastKnownFileType = sourcecode.c.h; path = enterpriseChat.pch; sourceTree = "<group>"; };
/* End PBXFileReference section */

/* Begin PBXFrameworksBuildPhase section */
		90519B861B6657750048A081 /* Frameworks */ = {
			isa = PBXFrameworksBuildPhase;
			buildActionMask = 2147483647;
			files = (
			);
			runOnlyForDeploymentPostprocessing = 0;
		};
/* End PBXFrameworksBuildPhase section */

/* Begin PBXGroup section */
		9011DFA91B6A39A400FFFFFB /* ECFriendTableViewCell */ = {
			isa = PBXGroup;
			children = (
				9063A38D1B6B1EC2007D4ED8 /* ECFriendListCellModel.h */,
				9063A38E1B6B1EC2007D4ED8 /* ECFriendListCellModel.m */,
				9063A3901B6B1EDE007D4ED8 /* ECFriendListCell.h */,
				9063A3911B6B1EDE007D4ED8 /* ECFriendListCell.m */,
				9063A3921B6B1EDE007D4ED8 /* ECFriendListCell.xib */,
			);
			path = ECFriendTableViewCell;
			sourceTree = "<group>";
		};
		9011DFD21B6A3F9900FFFFFB /* ECChatListCell */ = {
			isa = PBXGroup;
			children = (
				9011DFD31B6A3F9900FFFFFB /* ECChatListCell.h */,
				9011DFD41B6A3F9900FFFFFB /* ECChatListCell.m */,
				9011DFD51B6A3F9900FFFFFB /* ECChatListCell.xib */,
				9011DFD61B6A3F9900FFFFFB /* ECChatListCellModel.h */,
				9011DFD71B6A3F9900FFFFFB /* ECChatListCellModel.m */,
			);
			path = ECChatListCell;
			sourceTree = "<group>";
		};
		90127DAF1B8C2018007534A6 /* fmdb203 */ = {
			isa = PBXGroup;
			children = (
				90127DB01B8C2018007534A6 /* EMFMDatabase.h */,
				90127DB11B8C2018007534A6 /* EMFMDatabase.m */,
				90127DB21B8C2018007534A6 /* EMFMDatabaseAdditions.h */,
				90127DB31B8C2018007534A6 /* EMFMDatabaseAdditions.m */,
				90127DB41B8C2018007534A6 /* EMFMDatabasePool.h */,
				90127DB51B8C2018007534A6 /* EMFMDatabasePool.m */,
				90127DB61B8C2018007534A6 /* EMFMDatabaseQueue.h */,
				90127DB71B8C2018007534A6 /* EMFMDatabaseQueue.m */,
				90127DB81B8C2018007534A6 /* EMFMDB.h */,
				90127DB91B8C2018007534A6 /* EMFMResultSet.h */,
				90127DBA1B8C2018007534A6 /* EMFMResultSet.m */,
			);
			path = fmdb203;
			sourceTree = "<group>";
		};
		901D61C21B86E992004CE921 /* tabbar */ = {
			isa = PBXGroup;
			children = (
				901D61C31B86E992004CE921 /* tabbar_chats.png */,
				901D61C41B86E992004CE921 /* tabbar_chats@2x.png */,
				901D61C51B86E992004CE921 /* tabbar_chats@3x.png */,
				901D61C61B86E992004CE921 /* tabbar_chatsHL.png */,
				901D61C71B86E992004CE921 /* tabbar_chatsHL@2x.png */,
				901D61C81B86E992004CE921 /* tabbar_chatsHL@3x.png */,
				901D61C91B86E992004CE921 /* tabbar_contacts.png */,
				901D61CA1B86E992004CE921 /* tabbar_contacts@2x.png */,
				901D61CB1B86E992004CE921 /* tabbar_contacts@3x.png */,
				901D61CC1B86E992004CE921 /* tabbar_contactsHL.png */,
				901D61CD1B86E992004CE921 /* tabbar_contactsHL@2x.png */,
				901D61CE1B86E992004CE921 /* tabbar_contactsHL@3x.png */,
				901D61CF1B86E992004CE921 /* tabbar_setting.png */,
				901D61D01B86E992004CE921 /* tabbar_setting@2x.png */,
				901D61D11B86E992004CE921 /* tabbar_setting@3x.png */,
				901D61D21B86E992004CE921 /* tabbar_settingHL.png */,
				901D61D31B86E992004CE921 /* tabbar_settingHL@2x.png */,
				901D61D41B86E992004CE921 /* tabbar_settingHL@3x.png */,
				901D61D51B86E992004CE921 /* tabbar_social.png */,
				901D61D61B86E992004CE921 /* tabbar_social@2x.png */,
				901D61D71B86E992004CE921 /* tabbar_social@3x.png */,
				901D61D81B86E992004CE921 /* tabbar_socialHL.png */,
				901D61D91B86E992004CE921 /* tabbar_socialHL@2x.png */,
				901D61DA1B86E992004CE921 /* tabbar_socialHL@3x.png */,
			);
			path = tabbar;
			sourceTree = "<group>";
		};
		9034B3BE1B6A1932000D0107 /* chatList */ = {
			isa = PBXGroup;
			children = (
				9034B3BF1B6A1932000D0107 /* chatListCellHead.png */,
				9034B3C01B6A1932000D0107 /* chatListCellHead@2x.png */,
			);
			path = chatList;
			sourceTree = "<group>";
		};
		903EA8E31B67388A000AF5B3 /* Resources */ = {
			isa = PBXGroup;
			children = (
				901D61C21B86E992004CE921 /* tabbar */,
				9034B3BE1B6A1932000D0107 /* chatList */,
			);
			path = Resources;
			sourceTree = "<group>";
		};
		904226D31B82F3B900EE8B0E /* DTNavigationController */ = {
			isa = PBXGroup;
			children = (
				904226D41B82F3B900EE8B0E /* DTFolderBar.h */,
				904226D51B82F3B900EE8B0E /* DTFolderBar.m */,
				904226D61B82F3B900EE8B0E /* DTFolderConfig.h */,
				904226D71B82F3B900EE8B0E /* DTFolderItem.h */,
				904226D81B82F3B900EE8B0E /* DTFolderItem.m */,
				904226D91B82F3B900EE8B0E /* DTFolderStyle.h */,
				904226DA1B82F3B900EE8B0E /* DTInstancetype.h */,
				904226DB1B82F3B900EE8B0E /* DTNavigationController.h */,
				904226DC1B82F3B900EE8B0E /* DTNavigationController.m */,
				904226DD1B82F3B900EE8B0E /* DTRelease.h */,
				904226DE1B82F3B900EE8B0E /* Images */,
			);
			path = DTNavigationController;
			sourceTree = "<group>";
		};
		904226DE1B82F3B900EE8B0E /* Images */ = {
			isa = PBXGroup;
			children = (
				904226DF1B82F3B900EE8B0E /* ActionBtn.png */,
				904226E01B82F3B900EE8B0E /* ActionBtn@2x.png */,
				904226E11B82F3B900EE8B0E /* ActionBtnPress.png */,
				904226E21B82F3B900EE8B0E /* ActionBtnPress@2x.png */,
				904226E31B82F3B900EE8B0E /* FolderBar.png */,
				904226E41B82F3B900EE8B0E /* FolderBar@2x.png */,
				904226E51B82F3B900EE8B0E /* FolderItemBgImage.png */,
				904226E61B82F3B900EE8B0E /* FolderItemBgImage@2x.png */,
				904226E71B82F3B900EE8B0E /* Home.png */,
				904226E81B82F3B900EE8B0E /* Home@2x.png */,
			);
			path = Images;
			sourceTree = "<group>";
		};
		90519B801B6657750048A081 = {
			isa = PBXGroup;
			children = (
				90519B8B1B6657750048A081 /* enterpriseChat */,
				90519BA51B6657750048A081 /* enterpriseChatTests */,
				90519B8A1B6657750048A081 /* Products */,
			);
			sourceTree = "<group>";
		};
		90519B8A1B6657750048A081 /* Products */ = {
			isa = PBXGroup;
			children = (
				90519B891B6657750048A081 /* enterpriseChat.app */,
			);
			name = Products;
			sourceTree = "<group>";
		};
		90519B8B1B6657750048A081 /* enterpriseChat */ = {
			isa = PBXGroup;
			children = (
				906CAA0D1B6903E300BC6D2F /* 3thPart */,
				90E921D31B68EFDA00FFB4D7 /* Category */,
				90519C221B665BFA0048A081 /* Custom */,
				90519C211B665BDA0048A081 /* Common */,
				90519C201B665BCA0048A081 /* Manager */,
				90519C001B6657E30048A081 /* Class */,
				90519B901B6657750048A081 /* AppDelegate.h */,
				90519B911B6657750048A081 /* AppDelegate.m */,
				90519B991B6657750048A081 /* Images.xcassets */,
				90519B8C1B6657750048A081 /* Supporting Files */,
			);
			path = enterpriseChat;
			sourceTree = "<group>";
		};
		90519B8C1B6657750048A081 /* Supporting Files */ = {
			isa = PBXGroup;
			children = (
				903EA8E31B67388A000AF5B3 /* Resources */,
				90519B8D1B6657750048A081 /* Info.plist */,
				90519B8E1B6657750048A081 /* main.m */,
				90519C2F1B665EDC0048A081 /* enterpriseDefine.h */,
				90E921DA1B68F01D00FFB4D7 /* enterpriseChat.pch */,
			);
			name = "Supporting Files";
			sourceTree = "<group>";
		};
		90519BA51B6657750048A081 /* enterpriseChatTests */ = {
			isa = PBXGroup;
			children = (
				90519BA81B6657750048A081 /* enterpriseChatTests.m */,
				90519BA61B6657750048A081 /* Supporting Files */,
			);
			path = enterpriseChatTests;
			sourceTree = "<group>";
		};
		90519BA61B6657750048A081 /* Supporting Files */ = {
			isa = PBXGroup;
			children = (
				90519BA71B6657750048A081 /* Info.plist */,
			);
			name = "Supporting Files";
			sourceTree = "<group>";
		};
		90519C001B6657E30048A081 /* Class */ = {
			isa = PBXGroup;
			children = (
				90519C0C1B665AB30048A081 /* Chats */,
				90519C0D1B665AB30048A081 /* Friends */,
				90519C081B665A740048A081 /* Base */,
				90519C021B6658370048A081 /* Enterprise */,
				90519C031B6658370048A081 /* Main */,
				90519C041B6658370048A081 /* Setttings */,
			);
			path = Class;
			sourceTree = "<group>";
		};
		90519C021B6658370048A081 /* Enterprise */ = {
			isa = PBXGroup;
			children = (
				90519C1F1B665BA70048A081 /* EnterpriseList */,
			);
			path = Enterprise;
			sourceTree = "<group>";
		};
		90519C031B6658370048A081 /* Main */ = {
			isa = PBXGroup;
			children = (
				90519C231B665C7D0048A081 /* ECMainViewController.h */,
				90519C241B665C7D0048A081 /* ECMainViewController.m */,
				90519C301B665F450048A081 /* ECNavigationController.h */,
				90519C311B665F450048A081 /* ECNavigationController.m */,
			);
			path = Main;
			sourceTree = "<group>";
		};
		90519C041B6658370048A081 /* Setttings */ = {
			isa = PBXGroup;
			children = (
				90519C2C1B665CFE0048A081 /* ECSettingsListViewController.h */,
				90519C2D1B665CFE0048A081 /* ECSettingsListViewController.m */,
			);
			path = Setttings;
			sourceTree = "<group>";
		};
		90519C081B665A740048A081 /* Base */ = {
			isa = PBXGroup;
			children = (
				9011DFBE1B6A3C8700FFFFFB /* ECBaseTableViewController.h */,
				9011DFBF1B6A3C8700FFFFFB /* ECBaseTableViewController.m */,
				9011DFC01B6A3C8700FFFFFB /* ECBaseViewController.h */,
				9011DFC11B6A3C8700FFFFFB /* ECBaseViewController.m */,
				9063A3951B6B255A007D4ED8 /* ECBaseCellModel.h */,
				9063A3961B6B255A007D4ED8 /* ECBaseCellModel.m */,
			);
			path = Base;
			sourceTree = "<group>";
		};
		90519C0C1B665AB30048A081 /* Chats */ = {
			isa = PBXGroup;
			children = (
				90519C191B665B470048A081 /* ChatView */,
				90519C141B665AEA0048A081 /* ChatList */,
			);
			path = Chats;
			sourceTree = "<group>";
		};
		90519C0D1B665AB30048A081 /* Friends */ = {
			isa = PBXGroup;
			children = (
				90519C1E1B665B8C0048A081 /* FriendInfo */,
				90519C1D1B665B7E0048A081 /* FriendList */,
			);
			path = Friends;
			sourceTree = "<group>";
		};
		90519C141B665AEA0048A081 /* ChatList */ = {
			isa = PBXGroup;
			children = (
				9011DFD21B6A3F9900FFFFFB /* ECChatListCell */,
				90519C161B665B030048A081 /* ECChatListViewController.h */,
				90519C171B665B030048A081 /* ECChatListViewController.m */,
			);
			path = ChatList;
			sourceTree = "<group>";
		};
		90519C191B665B470048A081 /* ChatView */ = {
			isa = PBXGroup;
			children = (
				90519C1A1B665B470048A081 /* ECChatViewController.h */,
				90519C1B1B665B470048A081 /* ECChatViewController.m */,
			);
			path = ChatView;
			sourceTree = "<group>";
		};
		90519C1D1B665B7E0048A081 /* FriendList */ = {
			isa = PBXGroup;
			children = (
				9011DFA91B6A39A400FFFFFB /* ECFriendTableViewCell */,
				90519C261B665CCD0048A081 /* ECFriendListViewController.h */,
				90519C271B665CCD0048A081 /* ECFriendListViewController.m */,
				904226F61B82F4BF00EE8B0E /* ECDepartmentListViewController.h */,
				904226F71B82F4BF00EE8B0E /* ECDepartmentListViewController.m */,
			);
			path = FriendList;
			sourceTree = "<group>";
		};
		90519C1E1B665B8C0048A081 /* FriendInfo */ = {
			isa = PBXGroup;
			children = (
			);
			path = FriendInfo;
			sourceTree = "<group>";
		};
		90519C1F1B665BA70048A081 /* EnterpriseList */ = {
			isa = PBXGroup;
			children = (
				90519C291B665CE50048A081 /* ECEnterpriseListViewController.h */,
				90519C2A1B665CE50048A081 /* ECEnterpriseListViewController.m */,
			);
			path = EnterpriseList;
			sourceTree = "<group>";
		};
		90519C201B665BCA0048A081 /* Manager */ = {
			isa = PBXGroup;
			children = (
				90519C361B6660600048A081 /* ECViewManager.h */,
				90519C371B6660600048A081 /* ECViewManager.m */,
			);
			path = Manager;
			sourceTree = "<group>";
		};
		90519C211B665BDA0048A081 /* Common */ = {
			isa = PBXGroup;
			children = (
				904226D31B82F3B900EE8B0E /* DTNavigationController */,
			);
			path = Common;
			sourceTree = "<group>";
		};
		90519C221B665BFA0048A081 /* Custom */ = {
			isa = PBXGroup;
			children = (
				9063A39B1B6B5251007D4ED8 /* EMSearchDisplayController.h */,
				9063A39C1B6B5251007D4ED8 /* EMSearchDisplayController.m */,
				9063A3981B6B50A5007D4ED8 /* RealtimeSearchUtil.h */,
				9063A3991B6B50A5007D4ED8 /* RealtimeSearchUtil.m */,
			);
			path = Custom;
			sourceTree = "<group>";
		};
		906CAA0D1B6903E300BC6D2F /* 3thPart */ = {
			isa = PBXGroup;
			children = (
				90127DAF1B8C2018007534A6 /* fmdb203 */,
				906CAA0E1B6903E300BC6D2F /* SDWebImage */,
			);
			path = 3thPart;
			sourceTree = "<group>";
		};
		906CAA0E1B6903E300BC6D2F /* SDWebImage */ = {
			isa = PBXGroup;
			children = (
				906CAA0F1B6903E300BC6D2F /* MKAnnotationView+WebCache.h */,
				906CAA101B6903E300BC6D2F /* MKAnnotationView+WebCache.m */,
				906CAA111B6903E300BC6D2F /* NSData+ImageContentType.h */,
				906CAA121B6903E300BC6D2F /* NSData+ImageContentType.m */,
				906CAA131B6903E300BC6D2F /* SDImageCache.h */,
				906CAA141B6903E300BC6D2F /* SDImageCache.m */,
				906CAA151B6903E300BC6D2F /* SDWebImageCompat.h */,
				906CAA161B6903E300BC6D2F /* SDWebImageCompat.m */,
				906CAA171B6903E300BC6D2F /* SDWebImageDecoder.h */,
				906CAA181B6903E300BC6D2F /* SDWebImageDecoder.m */,
				906CAA191B6903E300BC6D2F /* SDWebImageDownloader.h */,
				906CAA1A1B6903E300BC6D2F /* SDWebImageDownloader.m */,
				906CAA1B1B6903E300BC6D2F /* SDWebImageDownloaderOperation.h */,
				906CAA1C1B6903E300BC6D2F /* SDWebImageDownloaderOperation.m */,
				906CAA1D1B6903E300BC6D2F /* SDWebImageManager.h */,
				906CAA1E1B6903E300BC6D2F /* SDWebImageManager.m */,
				906CAA1F1B6903E300BC6D2F /* SDWebImageOperation.h */,
				906CAA201B6903E300BC6D2F /* SDWebImagePrefetcher.h */,
				906CAA211B6903E300BC6D2F /* SDWebImagePrefetcher.m */,
				906CAA221B6903E300BC6D2F /* UIButton+WebCache.h */,
				906CAA231B6903E300BC6D2F /* UIButton+WebCache.m */,
				906CAA241B6903E300BC6D2F /* UIImage+GIF.h */,
				906CAA251B6903E300BC6D2F /* UIImage+GIF.m */,
				906CAA261B6903E300BC6D2F /* UIImage+MultiFormat.h */,
				906CAA271B6903E300BC6D2F /* UIImage+MultiFormat.m */,
				906CAA281B6903E300BC6D2F /* UIImage+WebP.h */,
				906CAA291B6903E300BC6D2F /* UIImage+WebP.m */,
				906CAA2A1B6903E300BC6D2F /* UIImageView+HighlightedWebCache.h */,
				906CAA2B1B6903E300BC6D2F /* UIImageView+HighlightedWebCache.m */,
				906CAA2C1B6903E300BC6D2F /* UIImageView+WebCache.h */,
				906CAA2D1B6903E300BC6D2F /* UIImageView+WebCache.m */,
				906CAA2E1B6903E300BC6D2F /* UIView+WebCacheOperation.h */,
				906CAA2F1B6903E300BC6D2F /* UIView+WebCacheOperation.m */,
			);
			path = SDWebImage;
			sourceTree = "<group>";
		};
		90E921D31B68EFDA00FFB4D7 /* Category */ = {
			isa = PBXGroup;
			children = (
				9034B3E41B6A1B5F000D0107 /* UIView+Radius.h */,
				9034B3E51B6A1B5F000D0107 /* UIView+Radius.m */,
				90E921D41B68EFDA00FFB4D7 /* UIView+Frame.h */,
				90E921D51B68EFDA00FFB4D7 /* UIView+Frame.m */,
			);
			path = Category;
			sourceTree = "<group>";
		};
/* End PBXGroup section */

/* Begin PBXNativeTarget section */
		90519B881B6657750048A081 /* enterpriseChat */ = {
			isa = PBXNativeTarget;
			buildConfigurationList = 90519BAC1B6657750048A081 /* Build configuration list for PBXNativeTarget "enterpriseChat" */;
			buildPhases = (
				90519B851B6657750048A081 /* Sources */,
				90519B861B6657750048A081 /* Frameworks */,
				90519B871B6657750048A081 /* Resources */,
			);
			buildRules = (
			);
			dependencies = (
			);
			name = enterpriseChat;
			productName = enterpriseChat;
			productReference = 90519B891B6657750048A081 /* enterpriseChat.app */;
			productType = "com.apple.product-type.application";
		};
/* End PBXNativeTarget section */

/* Begin PBXProject section */
		90519B811B6657750048A081 /* Project object */ = {
			isa = PBXProject;
			attributes = {
				LastUpgradeCheck = 0700;
				ORGANIZATIONNAME = easemob;
				TargetAttributes = {
					90519B881B6657750048A081 = {
						CreatedOnToolsVersion = 6.4;
					};
				};
			};
			buildConfigurationList = 90519B841B6657750048A081 /* Build configuration list for PBXProject "enterpriseChat" */;
			compatibilityVersion = "Xcode 3.2";
			developmentRegion = English;
			hasScannedForEncodings = 0;
			knownRegions = (
				en,
				Base,
			);
			mainGroup = 90519B801B6657750048A081;
			productRefGroup = 90519B8A1B6657750048A081 /* Products */;
			projectDirPath = "";
			projectRoot = "";
			targets = (
				90519B881B6657750048A081 /* enterpriseChat */,
			);
		};
/* End PBXProject section */

/* Begin PBXResourcesBuildPhase section */
		90519B871B6657750048A081 /* Resources */ = {
			isa = PBXResourcesBuildPhase;
			buildActionMask = 2147483647;
			files = (
				901D61E11B86E992004CE921 /* tabbar_contacts.png in Resources */,
				904226EC1B82F3B900EE8B0E /* ActionBtn.png in Resources */,
				901D61DB1B86E992004CE921 /* tabbar_chats.png in Resources */,
				904226F31B82F3B900EE8B0E /* FolderItemBgImage@2x.png in Resources */,
				904226EE1B82F3B900EE8B0E /* ActionBtnPress.png in Resources */,
				901D61F21B86E992004CE921 /* tabbar_socialHL@3x.png in Resources */,
				904226EF1B82F3B900EE8B0E /* ActionBtnPress@2x.png in Resources */,
				901D61E31B86E992004CE921 /* tabbar_contacts@3x.png in Resources */,
				901D61E61B86E992004CE921 /* tabbar_contactsHL@3x.png in Resources */,
				901D61DC1B86E992004CE921 /* tabbar_chats@2x.png in Resources */,
				901D61E21B86E992004CE921 /* tabbar_contacts@2x.png in Resources */,
				9034B3D21B6A1932000D0107 /* chatListCellHead.png in Resources */,
				901D61F11B86E992004CE921 /* tabbar_socialHL@2x.png in Resources */,
				901D61EC1B86E992004CE921 /* tabbar_settingHL@3x.png in Resources */,
				904226F11B82F3B900EE8B0E /* FolderBar@2x.png in Resources */,
				904226F41B82F3B900EE8B0E /* Home.png in Resources */,
				901D61E01B86E992004CE921 /* tabbar_chatsHL@3x.png in Resources */,
				901D61E71B86E992004CE921 /* tabbar_setting.png in Resources */,
				904226F51B82F3B900EE8B0E /* Home@2x.png in Resources */,
				901D61F01B86E992004CE921 /* tabbar_socialHL.png in Resources */,
				901D61EA1B86E992004CE921 /* tabbar_settingHL.png in Resources */,
				901D61ED1B86E992004CE921 /* tabbar_social.png in Resources */,
				901D61EB1B86E992004CE921 /* tabbar_settingHL@2x.png in Resources */,
				9011DFD91B6A3F9900FFFFFB /* ECChatListCell.xib in Resources */,
				9034B3D31B6A1932000D0107 /* chatListCellHead@2x.png in Resources */,
				901D61E91B86E992004CE921 /* tabbar_setting@3x.png in Resources */,
				901D61DF1B86E992004CE921 /* tabbar_chatsHL@2x.png in Resources */,
				904226F21B82F3B900EE8B0E /* FolderItemBgImage.png in Resources */,
				904226ED1B82F3B900EE8B0E /* ActionBtn@2x.png in Resources */,
				901D61E51B86E992004CE921 /* tabbar_contactsHL@2x.png in Resources */,
				901D61DE1B86E992004CE921 /* tabbar_chatsHL.png in Resources */,
				90519B9A1B6657750048A081 /* Images.xcassets in Resources */,
				9063A3941B6B1EDE007D4ED8 /* ECFriendListCell.xib in Resources */,
				901D61E81B86E992004CE921 /* tabbar_setting@2x.png in Resources */,
				901D61EE1B86E992004CE921 /* tabbar_social@2x.png in Resources */,
				901D61EF1B86E992004CE921 /* tabbar_social@3x.png in Resources */,
				904226F01B82F3B900EE8B0E /* FolderBar.png in Resources */,
				901D61DD1B86E992004CE921 /* tabbar_chats@3x.png in Resources */,
				901D61E41B86E992004CE921 /* tabbar_contactsHL.png in Resources */,
			);
			runOnlyForDeploymentPostprocessing = 0;
		};
/* End PBXResourcesBuildPhase section */

/* Begin PBXSourcesBuildPhase section */
		90519B851B6657750048A081 /* Sources */ = {
			isa = PBXSourcesBuildPhase;
			buildActionMask = 2147483647;
			files = (
				906CAA3A1B6903E300BC6D2F /* UIImage+GIF.m in Sources */,
				90127DBE1B8C2018007534A6 /* EMFMDatabaseQueue.m in Sources */,
				90519C1C1B665B470048A081 /* ECChatViewController.m in Sources */,
				90E921D81B68EFDA00FFB4D7 /* UIView+Frame.m in Sources */,
				906CAA3C1B6903E300BC6D2F /* UIImage+WebP.m in Sources */,
				906CAA311B6903E300BC6D2F /* NSData+ImageContentType.m in Sources */,
				90127DBD1B8C2018007534A6 /* EMFMDatabasePool.m in Sources */,
				904226E91B82F3B900EE8B0E /* DTFolderBar.m in Sources */,
				90127DBC1B8C2018007534A6 /* EMFMDatabaseAdditions.m in Sources */,
				90519C2E1B665CFE0048A081 /* ECSettingsListViewController.m in Sources */,
				904226EB1B82F3B900EE8B0E /* DTNavigationController.m in Sources */,
				90519C381B6660600048A081 /* ECViewManager.m in Sources */,
				906CAA341B6903E300BC6D2F /* SDWebImageDecoder.m in Sources */,
				90519C281B665CCD0048A081 /* ECFriendListViewController.m in Sources */,
				9011DFC21B6A3C8700FFFFFB /* ECBaseTableViewController.m in Sources */,
				906CAA391B6903E300BC6D2F /* UIButton+WebCache.m in Sources */,
				90127DBF1B8C2018007534A6 /* EMFMResultSet.m in Sources */,
				906CAA371B6903E300BC6D2F /* SDWebImageManager.m in Sources */,
				9063A39D1B6B5251007D4ED8 /* EMSearchDisplayController.m in Sources */,
				90519B921B6657750048A081 /* AppDelegate.m in Sources */,
				906CAA3E1B6903E300BC6D2F /* UIImageView+WebCache.m in Sources */,
				9063A39A1B6B50A5007D4ED8 /* RealtimeSearchUtil.m in Sources */,
				90519C181B665B030048A081 /* ECChatListViewController.m in Sources */,
				90519B8F1B6657750048A081 /* main.m in Sources */,
				90519C321B665F450048A081 /* ECNavigationController.m in Sources */,
				9063A3931B6B1EDE007D4ED8 /* ECFriendListCell.m in Sources */,
				906CAA3D1B6903E300BC6D2F /* UIImageView+HighlightedWebCache.m in Sources */,
				9011DFC31B6A3C8700FFFFFB /* ECBaseViewController.m in Sources */,
				906CAA351B6903E300BC6D2F /* SDWebImageDownloader.m in Sources */,
				9063A38F1B6B1EC2007D4ED8 /* ECFriendListCellModel.m in Sources */,
				906CAA381B6903E300BC6D2F /* SDWebImagePrefetcher.m in Sources */,
				90127DBB1B8C2018007534A6 /* EMFMDatabase.m in Sources */,
				9034B3E61B6A1B5F000D0107 /* UIView+Radius.m in Sources */,
				906CAA321B6903E300BC6D2F /* SDImageCache.m in Sources */,
				906CAA361B6903E300BC6D2F /* SDWebImageDownloaderOperation.m in Sources */,
				906CAA301B6903E300BC6D2F /* MKAnnotationView+WebCache.m in Sources */,
				906CAA3B1B6903E300BC6D2F /* UIImage+MultiFormat.m in Sources */,
				906CAA3F1B6903E300BC6D2F /* UIView+WebCacheOperation.m in Sources */,
				904226F81B82F4BF00EE8B0E /* ECDepartmentListViewController.m in Sources */,
				906CAA331B6903E300BC6D2F /* SDWebImageCompat.m in Sources */,
				90519C2B1B665CE50048A081 /* ECEnterpriseListViewController.m in Sources */,
				90519C251B665C7D0048A081 /* ECMainViewController.m in Sources */,
				9063A3971B6B255A007D4ED8 /* ECBaseCellModel.m in Sources */,
				9011DFD81B6A3F9900FFFFFB /* ECChatListCell.m in Sources */,
				904226EA1B82F3B900EE8B0E /* DTFolderItem.m in Sources */,
				9011DFDA1B6A3F9900FFFFFB /* ECChatListCellModel.m in Sources */,
			);
			runOnlyForDeploymentPostprocessing = 0;
		};
/* End PBXSourcesBuildPhase section */

/* Begin XCBuildConfiguration section */
		90519BAA1B6657750048A081 /* Debug */ = {
			isa = XCBuildConfiguration;
			buildSettings = {
				ALWAYS_SEARCH_USER_PATHS = NO;
				CLANG_CXX_LANGUAGE_STANDARD = "gnu++0x";
				CLANG_CXX_LIBRARY = "libc++";
				CLANG_ENABLE_MODULES = YES;
				CLANG_ENABLE_OBJC_ARC = YES;
				CLANG_WARN_BOOL_CONVERSION = YES;
				CLANG_WARN_CONSTANT_CONVERSION = YES;
				CLANG_WARN_DIRECT_OBJC_ISA_USAGE = YES_ERROR;
				CLANG_WARN_EMPTY_BODY = YES;
				CLANG_WARN_ENUM_CONVERSION = YES;
				CLANG_WARN_INT_CONVERSION = YES;
				CLANG_WARN_OBJC_ROOT_CLASS = YES_ERROR;
				CLANG_WARN_UNREACHABLE_CODE = YES;
				CLANG_WARN__DUPLICATE_METHOD_MATCH = YES;
				"CODE_SIGN_IDENTITY[sdk=iphoneos*]" = "iPhone Developer";
				COPY_PHASE_STRIP = NO;
				DEBUG_INFORMATION_FORMAT = "dwarf-with-dsym";
				ENABLE_STRICT_OBJC_MSGSEND = YES;
				ENABLE_TESTABILITY = YES;
				GCC_C_LANGUAGE_STANDARD = gnu99;
				GCC_DYNAMIC_NO_PIC = NO;
				GCC_NO_COMMON_BLOCKS = YES;
				GCC_OPTIMIZATION_LEVEL = 0;
				GCC_PREPROCESSOR_DEFINITIONS = (
					"DEBUG=1",
					"$(inherited)",
				);
				GCC_SYMBOLS_PRIVATE_EXTERN = NO;
				GCC_WARN_64_TO_32_BIT_CONVERSION = YES;
				GCC_WARN_ABOUT_RETURN_TYPE = YES_ERROR;
				GCC_WARN_UNDECLARED_SELECTOR = YES;
				GCC_WARN_UNINITIALIZED_AUTOS = YES_AGGRESSIVE;
				GCC_WARN_UNUSED_FUNCTION = YES;
				GCC_WARN_UNUSED_VARIABLE = YES;
				IPHONEOS_DEPLOYMENT_TARGET = 8.4;
				MTL_ENABLE_DEBUG_INFO = YES;
				ONLY_ACTIVE_ARCH = YES;
				SDKROOT = iphoneos;
			};
			name = Debug;
		};
		90519BAB1B6657750048A081 /* Release */ = {
			isa = XCBuildConfiguration;
			buildSettings = {
				ALWAYS_SEARCH_USER_PATHS = NO;
				CLANG_CXX_LANGUAGE_STANDARD = "gnu++0x";
				CLANG_CXX_LIBRARY = "libc++";
				CLANG_ENABLE_MODULES = YES;
				CLANG_ENABLE_OBJC_ARC = YES;
				CLANG_WARN_BOOL_CONVERSION = YES;
				CLANG_WARN_CONSTANT_CONVERSION = YES;
				CLANG_WARN_DIRECT_OBJC_ISA_USAGE = YES_ERROR;
				CLANG_WARN_EMPTY_BODY = YES;
				CLANG_WARN_ENUM_CONVERSION = YES;
				CLANG_WARN_INT_CONVERSION = YES;
				CLANG_WARN_OBJC_ROOT_CLASS = YES_ERROR;
				CLANG_WARN_UNREACHABLE_CODE = YES;
				CLANG_WARN__DUPLICATE_METHOD_MATCH = YES;
				"CODE_SIGN_IDENTITY[sdk=iphoneos*]" = "iPhone Developer";
				COPY_PHASE_STRIP = NO;
				DEBUG_INFORMATION_FORMAT = "dwarf-with-dsym";
				ENABLE_NS_ASSERTIONS = NO;
				ENABLE_STRICT_OBJC_MSGSEND = YES;
				GCC_C_LANGUAGE_STANDARD = gnu99;
				GCC_NO_COMMON_BLOCKS = YES;
				GCC_WARN_64_TO_32_BIT_CONVERSION = YES;
				GCC_WARN_ABOUT_RETURN_TYPE = YES_ERROR;
				GCC_WARN_UNDECLARED_SELECTOR = YES;
				GCC_WARN_UNINITIALIZED_AUTOS = YES_AGGRESSIVE;
				GCC_WARN_UNUSED_FUNCTION = YES;
				GCC_WARN_UNUSED_VARIABLE = YES;
				IPHONEOS_DEPLOYMENT_TARGET = 8.4;
				MTL_ENABLE_DEBUG_INFO = NO;
				SDKROOT = iphoneos;
				VALIDATE_PRODUCT = YES;
			};
			name = Release;
		};
		90519BAD1B6657750048A081 /* Debug */ = {
			isa = XCBuildConfiguration;
			buildSettings = {
				ASSETCATALOG_COMPILER_APPICON_NAME = AppIcon;
				ASSETCATALOG_COMPILER_LAUNCHIMAGE_NAME = LaunchImage;
				GCC_PREFIX_HEADER = "$(PROJECT_DIR)/enterpriseChat/enterpriseChat.pch";
				INFOPLIST_FILE = enterpriseChat/Info.plist;
				IPHONEOS_DEPLOYMENT_TARGET = 6.0;
				LD_RUNPATH_SEARCH_PATHS = "$(inherited) @executable_path/Frameworks";
				PRODUCT_BUNDLE_IDENTIFIER = "easemob.$(PRODUCT_NAME:rfc1034identifier)";
				PRODUCT_NAME = "$(TARGET_NAME)";
			};
			name = Debug;
		};
		90519BAE1B6657750048A081 /* Release */ = {
			isa = XCBuildConfiguration;
			buildSettings = {
				ASSETCATALOG_COMPILER_APPICON_NAME = AppIcon;
				ASSETCATALOG_COMPILER_LAUNCHIMAGE_NAME = LaunchImage;
				GCC_PREFIX_HEADER = "$(PROJECT_DIR)/enterpriseChat/enterpriseChat.pch";
				INFOPLIST_FILE = enterpriseChat/Info.plist;
				IPHONEOS_DEPLOYMENT_TARGET = 6.0;
				LD_RUNPATH_SEARCH_PATHS = "$(inherited) @executable_path/Frameworks";
				PRODUCT_BUNDLE_IDENTIFIER = "easemob.$(PRODUCT_NAME:rfc1034identifier)";
				PRODUCT_NAME = "$(TARGET_NAME)";
			};
			name = Release;
		};
/* End XCBuildConfiguration section */

/* Begin XCConfigurationList section */
		90519B841B6657750048A081 /* Build configuration list for PBXProject "enterpriseChat" */ = {
			isa = XCConfigurationList;
			buildConfigurations = (
				90519BAA1B6657750048A081 /* Debug */,
				90519BAB1B6657750048A081 /* Release */,
			);
			defaultConfigurationIsVisible = 0;
			defaultConfigurationName = Release;
		};
		90519BAC1B6657750048A081 /* Build configuration list for PBXNativeTarget "enterpriseChat" */ = {
			isa = XCConfigurationList;
			buildConfigurations = (
				90519BAD1B6657750048A081 /* Debug */,
				90519BAE1B6657750048A081 /* Release */,
			);
			defaultConfigurationIsVisible = 0;
			defaultConfigurationName = Release;
		};
/* End XCConfigurationList section */
	};
	rootObject = 90519B811B6657750048A081 /* Project object */;
}
