// !$*UTF8*$!
{
	archiveVersion = 1;
	classes = {
	};
	objectVersion = 46;
	objects = {

/* Begin PBXBuildFile section */
		9011DFC21B6A3C8700FFFFFB /* ECBaseTableViewController.m in Sources */ = {isa = PBXBuildFile; fileRef = 9011DFBF1B6A3C8700FFFFFB /* ECBaseTableViewController.m */; };
		9011DFC31B6A3C8700FFFFFB /* ECBaseViewController.m in Sources */ = {isa = PBXBuildFile; fileRef = 9011DFC11B6A3C8700FFFFFB /* ECBaseViewController.m */; };
		9011DFD81B6A3F9900FFFFFB /* ECChatListCell.m in Sources */ = {isa = PBXBuildFile; fileRef = 9011DFD41B6A3F9900FFFFFB /* ECChatListCell.m */; };
		9011DFD91B6A3F9900FFFFFB /* ECChatListCell.xib in Resources */ = {isa = PBXBuildFile; fileRef = 9011DFD51B6A3F9900FFFFFB /* ECChatListCell.xib */; };
		90127DC21B8C22CC007534A6 /* ECDBManager.m in Sources */ = {isa = PBXBuildFile; fileRef = 90127DC11B8C22CC007534A6 /* ECDBManager.m */; };
		90127DCF1B8C2375007534A6 /* ECContactListCell.m in Sources */ = {isa = PBXBuildFile; fileRef = 90127DC71B8C2375007534A6 /* ECContactListCell.m */; };
		90127DD01B8C2375007534A6 /* ECContactListCell.xib in Resources */ = {isa = PBXBuildFile; fileRef = 90127DC81B8C2375007534A6 /* ECContactListCell.xib */; };
		90127DD21B8C2375007534A6 /* ECDepartmentListViewController.m in Sources */ = {isa = PBXBuildFile; fileRef = 90127DCC1B8C2375007534A6 /* ECDepartmentListViewController.m */; };
		90127DD31B8C2375007534A6 /* ECContactsListViewController.m in Sources */ = {isa = PBXBuildFile; fileRef = 90127DCE1B8C2375007534A6 /* ECContactsListViewController.m */; };
		90127DD51B8C23BC007534A6 /* libsqlite3.dylib in Frameworks */ = {isa = PBXBuildFile; fileRef = 90127DD41B8C23BC007534A6 /* libsqlite3.dylib */; };
		901758131B8DD28F004CD075 /* UIScrollView+EmptyDataSet.m in Sources */ = {isa = PBXBuildFile; fileRef = 901758121B8DD28F004CD075 /* UIScrollView+EmptyDataSet.m */; };
		901758151B8DD5FE004CD075 /* initialize.png in Resources */ = {isa = PBXBuildFile; fileRef = 901758141B8DD5FE004CD075 /* initialize.png */; };
		901758181B8DE062004CD075 /* UIViewController+DismissKeyboard.m in Sources */ = {isa = PBXBuildFile; fileRef = 901758171B8DE062004CD075 /* UIViewController+DismissKeyboard.m */; };
		901A5F531B8EC95F0056B37D /* UITextField+Category.m in Sources */ = {isa = PBXBuildFile; fileRef = 901A5F521B8EC95F0056B37D /* UITextField+Category.m */; };
		902B0E621B8DB14500EBA3FE /* libstdc++.6.0.9.dylib in Frameworks */ = {isa = PBXBuildFile; fileRef = 902B0E611B8DB14500EBA3FE /* libstdc++.6.0.9.dylib */; };
		902B0E641B8DB14B00EBA3FE /* libz.dylib in Frameworks */ = {isa = PBXBuildFile; fileRef = 902B0E631B8DB14B00EBA3FE /* libz.dylib */; };
		902B0E661B8DB15000EBA3FE /* libiconv.dylib in Frameworks */ = {isa = PBXBuildFile; fileRef = 902B0E651B8DB15000EBA3FE /* libiconv.dylib */; };
		902B0E681B8DB15400EBA3FE /* libresolv.dylib in Frameworks */ = {isa = PBXBuildFile; fileRef = 902B0E671B8DB15400EBA3FE /* libresolv.dylib */; };
		902B0E6A1B8DB15E00EBA3FE /* libxml2.dylib in Frameworks */ = {isa = PBXBuildFile; fileRef = 902B0E691B8DB15E00EBA3FE /* libxml2.dylib */; };
		902B0E6C1B8DB16200EBA3FE /* CFNetwork.framework in Frameworks */ = {isa = PBXBuildFile; fileRef = 902B0E6B1B8DB16200EBA3FE /* CFNetwork.framework */; };
		902B0E6E1B8DB16800EBA3FE /* MobileCoreServices.framework in Frameworks */ = {isa = PBXBuildFile; fileRef = 902B0E6D1B8DB16800EBA3FE /* MobileCoreServices.framework */; };
		902B0E711B8DB18F00EBA3FE /* AppDelegate+EaseMob.m in Sources */ = {isa = PBXBuildFile; fileRef = 902B0E701B8DB18F00EBA3FE /* AppDelegate+EaseMob.m */; };
		902B0E791B8DB52700EBA3FE /* ECRegisterViewController.m in Sources */ = {isa = PBXBuildFile; fileRef = 902B0E781B8DB52700EBA3FE /* ECRegisterViewController.m */; };
		902B0E7F1B8DBD8F00EBA3FE /* ECLoginViewController.m in Sources */ = {isa = PBXBuildFile; fileRef = 902B0E7D1B8DBD8F00EBA3FE /* ECLoginViewController.m */; };
		902B0E801B8DBD8F00EBA3FE /* ECLoginViewController.xib in Resources */ = {isa = PBXBuildFile; fileRef = 902B0E7E1B8DBD8F00EBA3FE /* ECLoginViewController.xib */; };
		903113941BA025B200B0E487 /* Accounts.framework in Frameworks */ = {isa = PBXBuildFile; fileRef = 903113931BA025B200B0E487 /* Accounts.framework */; };
		903113961BA025BF00B0E487 /* Social.framework in Frameworks */ = {isa = PBXBuildFile; fileRef = 903113951BA025BF00B0E487 /* Social.framework */; };
		9031139A1BA02F4900B0E487 /* StoreKit.framework in Frameworks */ = {isa = PBXBuildFile; fileRef = 903113991BA02F4900B0E487 /* StoreKit.framework */; };
		9034B3D21B6A1932000D0107 /* chatListCellHead.png in Resources */ = {isa = PBXBuildFile; fileRef = 9034B3BF1B6A1932000D0107 /* chatListCellHead.png */; };
		9034B3D31B6A1932000D0107 /* chatListCellHead@2x.png in Resources */ = {isa = PBXBuildFile; fileRef = 9034B3C01B6A1932000D0107 /* chatListCellHead@2x.png */; };
		9034B3E61B6A1B5F000D0107 /* UIView+Radius.m in Sources */ = {isa = PBXBuildFile; fileRef = 9034B3E51B6A1B5F000D0107 /* UIView+Radius.m */; };
		90519B8F1B6657750048A081 /* main.m in Sources */ = {isa = PBXBuildFile; fileRef = 90519B8E1B6657750048A081 /* main.m */; };
		90519B921B6657750048A081 /* AppDelegate.m in Sources */ = {isa = PBXBuildFile; fileRef = 90519B911B6657750048A081 /* AppDelegate.m */; };
		90519B9A1B6657750048A081 /* Images.xcassets in Resources */ = {isa = PBXBuildFile; fileRef = 90519B991B6657750048A081 /* Images.xcassets */; };
		90519C181B665B030048A081 /* ECChatListViewController.m in Sources */ = {isa = PBXBuildFile; fileRef = 90519C171B665B030048A081 /* ECChatListViewController.m */; };
		90519C1C1B665B470048A081 /* ECChatViewController.m in Sources */ = {isa = PBXBuildFile; fileRef = 90519C1B1B665B470048A081 /* ECChatViewController.m */; };
		90519C251B665C7D0048A081 /* ECMainViewController.m in Sources */ = {isa = PBXBuildFile; fileRef = 90519C241B665C7D0048A081 /* ECMainViewController.m */; };
		90519C2B1B665CE50048A081 /* ECEnterpriseListViewController.m in Sources */ = {isa = PBXBuildFile; fileRef = 90519C2A1B665CE50048A081 /* ECEnterpriseListViewController.m */; };
		90519C2E1B665CFE0048A081 /* ECSettingsListViewController.m in Sources */ = {isa = PBXBuildFile; fileRef = 90519C2D1B665CFE0048A081 /* ECSettingsListViewController.m */; };
		90519C321B665F450048A081 /* ECNavigationController.m in Sources */ = {isa = PBXBuildFile; fileRef = 90519C311B665F450048A081 /* ECNavigationController.m */; };
		90519C381B6660600048A081 /* ECViewManager.m in Sources */ = {isa = PBXBuildFile; fileRef = 90519C371B6660600048A081 /* ECViewManager.m */; };
		905AFAA41BB4EF6C005EA1AC /* ECDepartmentListManagerViewController.m in Sources */ = {isa = PBXBuildFile; fileRef = 905AFAA31BB4EF6C005EA1AC /* ECDepartmentListManagerViewController.m */; settings = {ASSET_TAGS = (); }; };
		9061CC9B1BBA4C2E00D58726 /* ECSearchBar.m in Sources */ = {isa = PBXBuildFile; fileRef = 9061CC9A1BBA4C2E00D58726 /* ECSearchBar.m */; settings = {ASSET_TAGS = (); }; };
		9063A39A1B6B50A5007D4ED8 /* RealtimeSearchUtil.m in Sources */ = {isa = PBXBuildFile; fileRef = 9063A3991B6B50A5007D4ED8 /* RealtimeSearchUtil.m */; };
		9063A39D1B6B5251007D4ED8 /* EMSearchDisplayController.m in Sources */ = {isa = PBXBuildFile; fileRef = 9063A39C1B6B5251007D4ED8 /* EMSearchDisplayController.m */; };
		90858FB51B95C2930088E992 /* ECContactModel.m in Sources */ = {isa = PBXBuildFile; fileRef = 90858FAE1B95C2930088E992 /* ECContactModel.m */; };
		90858FB61B95C2930088E992 /* ECDepartmentModel.m in Sources */ = {isa = PBXBuildFile; fileRef = 90858FB11B95C2930088E992 /* ECDepartmentModel.m */; };
		909D95C11B8C70E1002F5160 /* KxMenu.m in Sources */ = {isa = PBXBuildFile; fileRef = 909D95C01B8C70E1002F5160 /* KxMenu.m */; };
		90C918941B96CDD6005F1658 /* NSString+Category.m in Sources */ = {isa = PBXBuildFile; fileRef = 90C918931B96CDD6005F1658 /* NSString+Category.m */; };
		90D793821BA2C55800F6CA41 /* ECScrollView.m in Sources */ = {isa = PBXBuildFile; fileRef = 90D793811BA2C55800F6CA41 /* ECScrollView.m */; };
		90E921D81B68EFDA00FFB4D7 /* UIView+Frame.m in Sources */ = {isa = PBXBuildFile; fileRef = 90E921D51B68EFDA00FFB4D7 /* UIView+Frame.m */; };
		90FCD80C1BB3B33500FFAF10 /* ECConverstaionModel.m in Sources */ = {isa = PBXBuildFile; fileRef = 90FCD80B1BB3B33500FFAF10 /* ECConverstaionModel.m */; settings = {ASSET_TAGS = (); }; };
		90FCD80F1BB3B4A600FFAF10 /* ECGroupModel.m in Sources */ = {isa = PBXBuildFile; fileRef = 90FCD80E1BB3B4A600FFAF10 /* ECGroupModel.m */; settings = {ASSET_TAGS = (); }; };
		90FCD81B1BB3D43800FFAF10 /* ECDepartmentListCell.m in Sources */ = {isa = PBXBuildFile; fileRef = 90FCD8191BB3D43800FFAF10 /* ECDepartmentListCell.m */; settings = {ASSET_TAGS = (); }; };
		90FCD81C1BB3D43800FFAF10 /* ECDepartmentListCell.xib in Resources */ = {isa = PBXBuildFile; fileRef = 90FCD81A1BB3D43800FFAF10 /* ECDepartmentListCell.xib */; settings = {ASSET_TAGS = (); }; };
		A9A950A16D7D6A3E170BD98B /* libPods.a in Frameworks */ = {isa = PBXBuildFile; fileRef = 4021916DA3C56D95E1BD0E67 /* libPods.a */; };
/* End PBXBuildFile section */

/* Begin PBXFileReference section */
		4021916DA3C56D95E1BD0E67 /* libPods.a */ = {isa = PBXFileReference; explicitFileType = archive.ar; includeInIndex = 0; path = libPods.a; sourceTree = BUILT_PRODUCTS_DIR; };
		9011DFBE1B6A3C8700FFFFFB /* ECBaseTableViewController.h */ = {isa = PBXFileReference; fileEncoding = 4; lastKnownFileType = sourcecode.c.h; path = ECBaseTableViewController.h; sourceTree = "<group>"; };
		9011DFBF1B6A3C8700FFFFFB /* ECBaseTableViewController.m */ = {isa = PBXFileReference; fileEncoding = 4; lastKnownFileType = sourcecode.c.objc; lineEnding = 0; path = ECBaseTableViewController.m; sourceTree = "<group>"; xcLanguageSpecificationIdentifier = xcode.lang.objc; };
		9011DFC01B6A3C8700FFFFFB /* ECBaseViewController.h */ = {isa = PBXFileReference; fileEncoding = 4; lastKnownFileType = sourcecode.c.h; lineEnding = 0; path = ECBaseViewController.h; sourceTree = "<group>"; xcLanguageSpecificationIdentifier = xcode.lang.objcpp; };
		9011DFC11B6A3C8700FFFFFB /* ECBaseViewController.m */ = {isa = PBXFileReference; fileEncoding = 4; lastKnownFileType = sourcecode.c.objc; lineEnding = 0; path = ECBaseViewController.m; sourceTree = "<group>"; xcLanguageSpecificationIdentifier = xcode.lang.objc; };
		9011DFD31B6A3F9900FFFFFB /* ECChatListCell.h */ = {isa = PBXFileReference; fileEncoding = 4; lastKnownFileType = sourcecode.c.h; path = ECChatListCell.h; sourceTree = "<group>"; };
		9011DFD41B6A3F9900FFFFFB /* ECChatListCell.m */ = {isa = PBXFileReference; fileEncoding = 4; lastKnownFileType = sourcecode.c.objc; lineEnding = 0; path = ECChatListCell.m; sourceTree = "<group>"; xcLanguageSpecificationIdentifier = xcode.lang.objc; };
		9011DFD51B6A3F9900FFFFFB /* ECChatListCell.xib */ = {isa = PBXFileReference; fileEncoding = 4; lastKnownFileType = file.xib; path = ECChatListCell.xib; sourceTree = "<group>"; };
		90127DC01B8C22CC007534A6 /* ECDBManager.h */ = {isa = PBXFileReference; fileEncoding = 4; lastKnownFileType = sourcecode.c.h; path = ECDBManager.h; sourceTree = "<group>"; };
		90127DC11B8C22CC007534A6 /* ECDBManager.m */ = {isa = PBXFileReference; fileEncoding = 4; lastKnownFileType = sourcecode.c.objc; path = ECDBManager.m; sourceTree = "<group>"; };
		90127DC61B8C2375007534A6 /* ECContactListCell.h */ = {isa = PBXFileReference; fileEncoding = 4; lastKnownFileType = sourcecode.c.h; path = ECContactListCell.h; sourceTree = "<group>"; };
		90127DC71B8C2375007534A6 /* ECContactListCell.m */ = {isa = PBXFileReference; fileEncoding = 4; lastKnownFileType = sourcecode.c.objc; lineEnding = 0; path = ECContactListCell.m; sourceTree = "<group>"; xcLanguageSpecificationIdentifier = xcode.lang.objc; };
		90127DC81B8C2375007534A6 /* ECContactListCell.xib */ = {isa = PBXFileReference; fileEncoding = 4; lastKnownFileType = file.xib; path = ECContactListCell.xib; sourceTree = "<group>"; };
		90127DCB1B8C2375007534A6 /* ECDepartmentListViewController.h */ = {isa = PBXFileReference; fileEncoding = 4; lastKnownFileType = sourcecode.c.h; path = ECDepartmentListViewController.h; sourceTree = "<group>"; };
		90127DCC1B8C2375007534A6 /* ECDepartmentListViewController.m */ = {isa = PBXFileReference; fileEncoding = 4; lastKnownFileType = sourcecode.c.objc; path = ECDepartmentListViewController.m; sourceTree = "<group>"; };
		90127DCD1B8C2375007534A6 /* ECContactsListViewController.h */ = {isa = PBXFileReference; fileEncoding = 4; lastKnownFileType = sourcecode.c.h; path = ECContactsListViewController.h; sourceTree = "<group>"; };
		90127DCE1B8C2375007534A6 /* ECContactsListViewController.m */ = {isa = PBXFileReference; fileEncoding = 4; lastKnownFileType = sourcecode.c.objc; lineEnding = 0; path = ECContactsListViewController.m; sourceTree = "<group>"; xcLanguageSpecificationIdentifier = xcode.lang.objc; };
		90127DD41B8C23BC007534A6 /* libsqlite3.dylib */ = {isa = PBXFileReference; lastKnownFileType = "compiled.mach-o.dylib"; name = libsqlite3.dylib; path = usr/lib/libsqlite3.dylib; sourceTree = SDKROOT; };
		90127DD71B8C2614007534A6 /* ECErrorDefs.h */ = {isa = PBXFileReference; lastKnownFileType = sourcecode.c.h; path = ECErrorDefs.h; sourceTree = "<group>"; };
		901758111B8DD28F004CD075 /* UIScrollView+EmptyDataSet.h */ = {isa = PBXFileReference; fileEncoding = 4; lastKnownFileType = sourcecode.c.h; path = "UIScrollView+EmptyDataSet.h"; sourceTree = "<group>"; };
		901758121B8DD28F004CD075 /* UIScrollView+EmptyDataSet.m */ = {isa = PBXFileReference; fileEncoding = 4; lastKnownFileType = sourcecode.c.objc; lineEnding = 0; path = "UIScrollView+EmptyDataSet.m"; sourceTree = "<group>"; xcLanguageSpecificationIdentifier = xcode.lang.objc; };
		901758141B8DD5FE004CD075 /* initialize.png */ = {isa = PBXFileReference; lastKnownFileType = image.png; path = initialize.png; sourceTree = "<group>"; };
		901758161B8DE062004CD075 /* UIViewController+DismissKeyboard.h */ = {isa = PBXFileReference; fileEncoding = 4; lastKnownFileType = sourcecode.c.h; lineEnding = 0; path = "UIViewController+DismissKeyboard.h"; sourceTree = "<group>"; xcLanguageSpecificationIdentifier = xcode.lang.objcpp; };
		901758171B8DE062004CD075 /* UIViewController+DismissKeyboard.m */ = {isa = PBXFileReference; fileEncoding = 4; lastKnownFileType = sourcecode.c.objc; path = "UIViewController+DismissKeyboard.m"; sourceTree = "<group>"; };
		901A5F511B8EC95F0056B37D /* UITextField+Category.h */ = {isa = PBXFileReference; fileEncoding = 4; lastKnownFileType = sourcecode.c.h; path = "UITextField+Category.h"; sourceTree = "<group>"; };
		901A5F521B8EC95F0056B37D /* UITextField+Category.m */ = {isa = PBXFileReference; fileEncoding = 4; lastKnownFileType = sourcecode.c.objc; path = "UITextField+Category.m"; sourceTree = "<group>"; };
		902B0E611B8DB14500EBA3FE /* libstdc++.6.0.9.dylib */ = {isa = PBXFileReference; lastKnownFileType = "compiled.mach-o.dylib"; name = "libstdc++.6.0.9.dylib"; path = "usr/lib/libstdc++.6.0.9.dylib"; sourceTree = SDKROOT; };
		902B0E631B8DB14B00EBA3FE /* libz.dylib */ = {isa = PBXFileReference; lastKnownFileType = "compiled.mach-o.dylib"; name = libz.dylib; path = usr/lib/libz.dylib; sourceTree = SDKROOT; };
		902B0E651B8DB15000EBA3FE /* libiconv.dylib */ = {isa = PBXFileReference; lastKnownFileType = "compiled.mach-o.dylib"; name = libiconv.dylib; path = usr/lib/libiconv.dylib; sourceTree = SDKROOT; };
		902B0E671B8DB15400EBA3FE /* libresolv.dylib */ = {isa = PBXFileReference; lastKnownFileType = "compiled.mach-o.dylib"; name = libresolv.dylib; path = usr/lib/libresolv.dylib; sourceTree = SDKROOT; };
		902B0E691B8DB15E00EBA3FE /* libxml2.dylib */ = {isa = PBXFileReference; lastKnownFileType = "compiled.mach-o.dylib"; name = libxml2.dylib; path = usr/lib/libxml2.dylib; sourceTree = SDKROOT; };
		902B0E6B1B8DB16200EBA3FE /* CFNetwork.framework */ = {isa = PBXFileReference; lastKnownFileType = wrapper.framework; name = CFNetwork.framework; path = System/Library/Frameworks/CFNetwork.framework; sourceTree = SDKROOT; };
		902B0E6D1B8DB16800EBA3FE /* MobileCoreServices.framework */ = {isa = PBXFileReference; lastKnownFileType = wrapper.framework; name = MobileCoreServices.framework; path = System/Library/Frameworks/MobileCoreServices.framework; sourceTree = SDKROOT; };
		902B0E6F1B8DB18F00EBA3FE /* AppDelegate+EaseMob.h */ = {isa = PBXFileReference; fileEncoding = 4; lastKnownFileType = sourcecode.c.h; path = "AppDelegate+EaseMob.h"; sourceTree = "<group>"; };
		902B0E701B8DB18F00EBA3FE /* AppDelegate+EaseMob.m */ = {isa = PBXFileReference; fileEncoding = 4; lastKnownFileType = sourcecode.c.objc; path = "AppDelegate+EaseMob.m"; sourceTree = "<group>"; };
		902B0E771B8DB52700EBA3FE /* ECRegisterViewController.h */ = {isa = PBXFileReference; fileEncoding = 4; lastKnownFileType = sourcecode.c.h; path = ECRegisterViewController.h; sourceTree = "<group>"; };
		902B0E781B8DB52700EBA3FE /* ECRegisterViewController.m */ = {isa = PBXFileReference; fileEncoding = 4; lastKnownFileType = sourcecode.c.objc; path = ECRegisterViewController.m; sourceTree = "<group>"; };
		902B0E7C1B8DBD8F00EBA3FE /* ECLoginViewController.h */ = {isa = PBXFileReference; fileEncoding = 4; lastKnownFileType = sourcecode.c.h; path = ECLoginViewController.h; sourceTree = "<group>"; };
		902B0E7D1B8DBD8F00EBA3FE /* ECLoginViewController.m */ = {isa = PBXFileReference; fileEncoding = 4; lastKnownFileType = sourcecode.c.objc; path = ECLoginViewController.m; sourceTree = "<group>"; };
		902B0E7E1B8DBD8F00EBA3FE /* ECLoginViewController.xib */ = {isa = PBXFileReference; fileEncoding = 4; lastKnownFileType = file.xib; path = ECLoginViewController.xib; sourceTree = "<group>"; };
		903113931BA025B200B0E487 /* Accounts.framework */ = {isa = PBXFileReference; lastKnownFileType = wrapper.framework; name = Accounts.framework; path = System/Library/Frameworks/Accounts.framework; sourceTree = SDKROOT; };
		903113951BA025BF00B0E487 /* Social.framework */ = {isa = PBXFileReference; lastKnownFileType = wrapper.framework; name = Social.framework; path = System/Library/Frameworks/Social.framework; sourceTree = SDKROOT; };
		903113971BA025CE00B0E487 /* CoreData.framework */ = {isa = PBXFileReference; lastKnownFileType = wrapper.framework; name = CoreData.framework; path = System/Library/Frameworks/CoreData.framework; sourceTree = SDKROOT; };
		903113991BA02F4900B0E487 /* StoreKit.framework */ = {isa = PBXFileReference; lastKnownFileType = wrapper.framework; name = StoreKit.framework; path = System/Library/Frameworks/StoreKit.framework; sourceTree = SDKROOT; };
		9034B3BF1B6A1932000D0107 /* chatListCellHead.png */ = {isa = PBXFileReference; lastKnownFileType = image.png; path = chatListCellHead.png; sourceTree = "<group>"; };
		9034B3C01B6A1932000D0107 /* chatListCellHead@2x.png */ = {isa = PBXFileReference; lastKnownFileType = image.png; path = "chatListCellHead@2x.png"; sourceTree = "<group>"; };
		9034B3E41B6A1B5F000D0107 /* UIView+Radius.h */ = {isa = PBXFileReference; fileEncoding = 4; lastKnownFileType = sourcecode.c.h; lineEnding = 0; path = "UIView+Radius.h"; sourceTree = "<group>"; xcLanguageSpecificationIdentifier = xcode.lang.objcpp; };
		9034B3E51B6A1B5F000D0107 /* UIView+Radius.m */ = {isa = PBXFileReference; fileEncoding = 4; lastKnownFileType = sourcecode.c.objc; lineEnding = 0; path = "UIView+Radius.m"; sourceTree = "<group>"; xcLanguageSpecificationIdentifier = xcode.lang.objc; };
		90519B891B6657750048A081 /* enterpriseChat.app */ = {isa = PBXFileReference; explicitFileType = wrapper.application; includeInIndex = 0; path = enterpriseChat.app; sourceTree = BUILT_PRODUCTS_DIR; };
		90519B8D1B6657750048A081 /* Info.plist */ = {isa = PBXFileReference; lastKnownFileType = text.plist.xml; path = Info.plist; sourceTree = "<group>"; };
		90519B8E1B6657750048A081 /* main.m */ = {isa = PBXFileReference; lastKnownFileType = sourcecode.c.objc; path = main.m; sourceTree = "<group>"; };
		90519B901B6657750048A081 /* AppDelegate.h */ = {isa = PBXFileReference; lastKnownFileType = sourcecode.c.h; path = AppDelegate.h; sourceTree = "<group>"; };
		90519B911B6657750048A081 /* AppDelegate.m */ = {isa = PBXFileReference; lastKnownFileType = sourcecode.c.objc; path = AppDelegate.m; sourceTree = "<group>"; };
		90519B991B6657750048A081 /* Images.xcassets */ = {isa = PBXFileReference; lastKnownFileType = folder.assetcatalog; path = Images.xcassets; sourceTree = "<group>"; };
		90519C161B665B030048A081 /* ECChatListViewController.h */ = {isa = PBXFileReference; fileEncoding = 4; lastKnownFileType = sourcecode.c.h; path = ECChatListViewController.h; sourceTree = "<group>"; };
		90519C171B665B030048A081 /* ECChatListViewController.m */ = {isa = PBXFileReference; fileEncoding = 4; lastKnownFileType = sourcecode.c.objc; lineEnding = 0; path = ECChatListViewController.m; sourceTree = "<group>"; xcLanguageSpecificationIdentifier = xcode.lang.objc; };
		90519C1A1B665B470048A081 /* ECChatViewController.h */ = {isa = PBXFileReference; fileEncoding = 4; lastKnownFileType = sourcecode.c.h; path = ECChatViewController.h; sourceTree = "<group>"; };
		90519C1B1B665B470048A081 /* ECChatViewController.m */ = {isa = PBXFileReference; fileEncoding = 4; lastKnownFileType = sourcecode.c.objc; path = ECChatViewController.m; sourceTree = "<group>"; };
		90519C231B665C7D0048A081 /* ECMainViewController.h */ = {isa = PBXFileReference; fileEncoding = 4; lastKnownFileType = sourcecode.c.h; path = ECMainViewController.h; sourceTree = "<group>"; };
		90519C241B665C7D0048A081 /* ECMainViewController.m */ = {isa = PBXFileReference; fileEncoding = 4; lastKnownFileType = sourcecode.c.objc; lineEnding = 0; path = ECMainViewController.m; sourceTree = "<group>"; xcLanguageSpecificationIdentifier = xcode.lang.objc; };
		90519C291B665CE50048A081 /* ECEnterpriseListViewController.h */ = {isa = PBXFileReference; fileEncoding = 4; lastKnownFileType = sourcecode.c.h; path = ECEnterpriseListViewController.h; sourceTree = "<group>"; };
		90519C2A1B665CE50048A081 /* ECEnterpriseListViewController.m */ = {isa = PBXFileReference; fileEncoding = 4; lastKnownFileType = sourcecode.c.objc; path = ECEnterpriseListViewController.m; sourceTree = "<group>"; };
		90519C2C1B665CFE0048A081 /* ECSettingsListViewController.h */ = {isa = PBXFileReference; fileEncoding = 4; lastKnownFileType = sourcecode.c.h; path = ECSettingsListViewController.h; sourceTree = "<group>"; };
		90519C2D1B665CFE0048A081 /* ECSettingsListViewController.m */ = {isa = PBXFileReference; fileEncoding = 4; lastKnownFileType = sourcecode.c.objc; path = ECSettingsListViewController.m; sourceTree = "<group>"; };
		90519C2F1B665EDC0048A081 /* enterpriseDefine.h */ = {isa = PBXFileReference; lastKnownFileType = sourcecode.c.h; path = enterpriseDefine.h; sourceTree = "<group>"; };
		90519C301B665F450048A081 /* ECNavigationController.h */ = {isa = PBXFileReference; fileEncoding = 4; lastKnownFileType = sourcecode.c.h; path = ECNavigationController.h; sourceTree = "<group>"; };
		90519C311B665F450048A081 /* ECNavigationController.m */ = {isa = PBXFileReference; fileEncoding = 4; lastKnownFileType = sourcecode.c.objc; path = ECNavigationController.m; sourceTree = "<group>"; };
		90519C361B6660600048A081 /* ECViewManager.h */ = {isa = PBXFileReference; fileEncoding = 4; lastKnownFileType = sourcecode.c.h; path = ECViewManager.h; sourceTree = "<group>"; };
		90519C371B6660600048A081 /* ECViewManager.m */ = {isa = PBXFileReference; fileEncoding = 4; lastKnownFileType = sourcecode.c.objc; lineEnding = 0; path = ECViewManager.m; sourceTree = "<group>"; xcLanguageSpecificationIdentifier = xcode.lang.objc; };
		905AFAA21BB4EF6C005EA1AC /* ECDepartmentListManagerViewController.h */ = {isa = PBXFileReference; fileEncoding = 4; lastKnownFileType = sourcecode.c.h; path = ECDepartmentListManagerViewController.h; sourceTree = "<group>"; };
		905AFAA31BB4EF6C005EA1AC /* ECDepartmentListManagerViewController.m */ = {isa = PBXFileReference; fileEncoding = 4; lastKnownFileType = sourcecode.c.objc; path = ECDepartmentListManagerViewController.m; sourceTree = "<group>"; };
		9061CC991BBA4C2E00D58726 /* ECSearchBar.h */ = {isa = PBXFileReference; fileEncoding = 4; lastKnownFileType = sourcecode.c.h; path = ECSearchBar.h; sourceTree = "<group>"; };
		9061CC9A1BBA4C2E00D58726 /* ECSearchBar.m */ = {isa = PBXFileReference; fileEncoding = 4; lastKnownFileType = sourcecode.c.objc; path = ECSearchBar.m; sourceTree = "<group>"; };
		9063A3981B6B50A5007D4ED8 /* RealtimeSearchUtil.h */ = {isa = PBXFileReference; fileEncoding = 4; lastKnownFileType = sourcecode.c.h; path = RealtimeSearchUtil.h; sourceTree = "<group>"; };
		9063A3991B6B50A5007D4ED8 /* RealtimeSearchUtil.m */ = {isa = PBXFileReference; fileEncoding = 4; lastKnownFileType = sourcecode.c.objc; path = RealtimeSearchUtil.m; sourceTree = "<group>"; };
		9063A39B1B6B5251007D4ED8 /* EMSearchDisplayController.h */ = {isa = PBXFileReference; fileEncoding = 4; lastKnownFileType = sourcecode.c.h; path = EMSearchDisplayController.h; sourceTree = "<group>"; };
		9063A39C1B6B5251007D4ED8 /* EMSearchDisplayController.m */ = {isa = PBXFileReference; fileEncoding = 4; lastKnownFileType = sourcecode.c.objc; lineEnding = 0; path = EMSearchDisplayController.m; sourceTree = "<group>"; xcLanguageSpecificationIdentifier = xcode.lang.objc; };
		907AE1361B95A07E00E8B9FC /* UIKit.framework */ = {isa = PBXFileReference; lastKnownFileType = wrapper.framework; name = UIKit.framework; path = System/Library/Frameworks/UIKit.framework; sourceTree = SDKROOT; };
		90858FAD1B95C2930088E992 /* ECContactModel.h */ = {isa = PBXFileReference; fileEncoding = 4; lastKnownFileType = sourcecode.c.h; path = ECContactModel.h; sourceTree = "<group>"; };
		90858FAE1B95C2930088E992 /* ECContactModel.m */ = {isa = PBXFileReference; fileEncoding = 4; lastKnownFileType = sourcecode.c.objc; lineEnding = 0; path = ECContactModel.m; sourceTree = "<group>"; xcLanguageSpecificationIdentifier = xcode.lang.objc; };
		90858FB01B95C2930088E992 /* ECDepartmentModel.h */ = {isa = PBXFileReference; fileEncoding = 4; lastKnownFileType = sourcecode.c.h; path = ECDepartmentModel.h; sourceTree = "<group>"; };
		90858FB11B95C2930088E992 /* ECDepartmentModel.m */ = {isa = PBXFileReference; fileEncoding = 4; lastKnownFileType = sourcecode.c.objc; path = ECDepartmentModel.m; sourceTree = "<group>"; };
		909D95BF1B8C70E1002F5160 /* KxMenu.h */ = {isa = PBXFileReference; fileEncoding = 4; lastKnownFileType = sourcecode.c.h; path = KxMenu.h; sourceTree = "<group>"; };
		909D95C01B8C70E1002F5160 /* KxMenu.m */ = {isa = PBXFileReference; fileEncoding = 4; lastKnownFileType = sourcecode.c.objc; path = KxMenu.m; sourceTree = "<group>"; };
		90C918921B96CDD6005F1658 /* NSString+Category.h */ = {isa = PBXFileReference; fileEncoding = 4; lastKnownFileType = sourcecode.c.h; path = "NSString+Category.h"; sourceTree = "<group>"; };
		90C918931B96CDD6005F1658 /* NSString+Category.m */ = {isa = PBXFileReference; fileEncoding = 4; lastKnownFileType = sourcecode.c.objc; path = "NSString+Category.m"; sourceTree = "<group>"; };
		90D793801BA2C55800F6CA41 /* ECScrollView.h */ = {isa = PBXFileReference; fileEncoding = 4; lastKnownFileType = sourcecode.c.h; path = ECScrollView.h; sourceTree = "<group>"; };
		90D793811BA2C55800F6CA41 /* ECScrollView.m */ = {isa = PBXFileReference; fileEncoding = 4; lastKnownFileType = sourcecode.c.objc; path = ECScrollView.m; sourceTree = "<group>"; };
		90E921D41B68EFDA00FFB4D7 /* UIView+Frame.h */ = {isa = PBXFileReference; fileEncoding = 4; lastKnownFileType = sourcecode.c.h; path = "UIView+Frame.h"; sourceTree = "<group>"; };
		90E921D51B68EFDA00FFB4D7 /* UIView+Frame.m */ = {isa = PBXFileReference; fileEncoding = 4; lastKnownFileType = sourcecode.c.objc; path = "UIView+Frame.m"; sourceTree = "<group>"; };
		90E921DA1B68F01D00FFB4D7 /* enterpriseChat.pch */ = {isa = PBXFileReference; lastKnownFileType = sourcecode.c.h; path = enterpriseChat.pch; sourceTree = "<group>"; };
		90FCD80A1BB3B33500FFAF10 /* ECConverstaionModel.h */ = {isa = PBXFileReference; fileEncoding = 4; lastKnownFileType = sourcecode.c.h; path = ECConverstaionModel.h; sourceTree = "<group>"; };
		90FCD80B1BB3B33500FFAF10 /* ECConverstaionModel.m */ = {isa = PBXFileReference; fileEncoding = 4; lastKnownFileType = sourcecode.c.objc; path = ECConverstaionModel.m; sourceTree = "<group>"; };
		90FCD80D1BB3B4A600FFAF10 /* ECGroupModel.h */ = {isa = PBXFileReference; fileEncoding = 4; lastKnownFileType = sourcecode.c.h; path = ECGroupModel.h; sourceTree = "<group>"; };
		90FCD80E1BB3B4A600FFAF10 /* ECGroupModel.m */ = {isa = PBXFileReference; fileEncoding = 4; lastKnownFileType = sourcecode.c.objc; path = ECGroupModel.m; sourceTree = "<group>"; };
		90FCD8181BB3D43800FFAF10 /* ECDepartmentListCell.h */ = {isa = PBXFileReference; fileEncoding = 4; lastKnownFileType = sourcecode.c.h; path = ECDepartmentListCell.h; sourceTree = "<group>"; };
		90FCD8191BB3D43800FFAF10 /* ECDepartmentListCell.m */ = {isa = PBXFileReference; fileEncoding = 4; lastKnownFileType = sourcecode.c.objc; path = ECDepartmentListCell.m; sourceTree = "<group>"; };
		90FCD81A1BB3D43800FFAF10 /* ECDepartmentListCell.xib */ = {isa = PBXFileReference; fileEncoding = 4; lastKnownFileType = file.xib; path = ECDepartmentListCell.xib; sourceTree = "<group>"; };
		B1A585732003E48780CD9E6C /* Pods.release.xcconfig */ = {isa = PBXFileReference; includeInIndex = 1; lastKnownFileType = text.xcconfig; name = Pods.release.xcconfig; path = "Pods/Target Support Files/Pods/Pods.release.xcconfig"; sourceTree = "<group>"; };
		BDD96A69046C3E398D010765 /* Pods.debug.xcconfig */ = {isa = PBXFileReference; includeInIndex = 1; lastKnownFileType = text.xcconfig; name = Pods.debug.xcconfig; path = "Pods/Target Support Files/Pods/Pods.debug.xcconfig"; sourceTree = "<group>"; };
/* End PBXFileReference section */

/* Begin PBXFrameworksBuildPhase section */
		90519B861B6657750048A081 /* Frameworks */ = {
			isa = PBXFrameworksBuildPhase;
			buildActionMask = 2147483647;
			files = (
				9031139A1BA02F4900B0E487 /* StoreKit.framework in Frameworks */,
				903113961BA025BF00B0E487 /* Social.framework in Frameworks */,
				903113941BA025B200B0E487 /* Accounts.framework in Frameworks */,
				902B0E6E1B8DB16800EBA3FE /* MobileCoreServices.framework in Frameworks */,
				902B0E6C1B8DB16200EBA3FE /* CFNetwork.framework in Frameworks */,
				902B0E6A1B8DB15E00EBA3FE /* libxml2.dylib in Frameworks */,
				90127DD51B8C23BC007534A6 /* libsqlite3.dylib in Frameworks */,
				902B0E681B8DB15400EBA3FE /* libresolv.dylib in Frameworks */,
				902B0E661B8DB15000EBA3FE /* libiconv.dylib in Frameworks */,
				902B0E641B8DB14B00EBA3FE /* libz.dylib in Frameworks */,
				902B0E621B8DB14500EBA3FE /* libstdc++.6.0.9.dylib in Frameworks */,
				A9A950A16D7D6A3E170BD98B /* libPods.a in Frameworks */,
			);
			runOnlyForDeploymentPostprocessing = 0;
		};
/* End PBXFrameworksBuildPhase section */

/* Begin PBXGroup section */
		0072F622FDD2078DB766153C /* Frameworks */ = {
			isa = PBXGroup;
			children = (
				4021916DA3C56D95E1BD0E67 /* libPods.a */,
			);
			name = Frameworks;
			sourceTree = "<group>";
		};
		9011DFD21B6A3F9900FFFFFB /* ECChatListCell */ = {
			isa = PBXGroup;
			children = (
				9011DFD31B6A3F9900FFFFFB /* ECChatListCell.h */,
				9011DFD41B6A3F9900FFFFFB /* ECChatListCell.m */,
				9011DFD51B6A3F9900FFFFFB /* ECChatListCell.xib */,
			);
			path = ECChatListCell;
			sourceTree = "<group>";
		};
		90127DC31B8C2375007534A6 /* Contacts */ = {
			isa = PBXGroup;
			children = (
				90127DE91B8C2E5B007534A6 /* ContactInfo */,
				90127DC41B8C2375007534A6 /* ContactsList */,
			);
			path = Contacts;
			sourceTree = "<group>";
		};
		90127DC41B8C2375007534A6 /* ContactsList */ = {
			isa = PBXGroup;
			children = (
				90127DC51B8C2375007534A6 /* ECContactTableViewCell */,
				90127DCB1B8C2375007534A6 /* ECDepartmentListViewController.h */,
				90127DCC1B8C2375007534A6 /* ECDepartmentListViewController.m */,
				90127DCD1B8C2375007534A6 /* ECContactsListViewController.h */,
				90127DCE1B8C2375007534A6 /* ECContactsListViewController.m */,
				905AFAA21BB4EF6C005EA1AC /* ECDepartmentListManagerViewController.h */,
				905AFAA31BB4EF6C005EA1AC /* ECDepartmentListManagerViewController.m */,
			);
			path = ContactsList;
			sourceTree = "<group>";
		};
		90127DC51B8C2375007534A6 /* ECContactTableViewCell */ = {
			isa = PBXGroup;
			children = (
				90127DC61B8C2375007534A6 /* ECContactListCell.h */,
				90127DC71B8C2375007534A6 /* ECContactListCell.m */,
				90127DC81B8C2375007534A6 /* ECContactListCell.xib */,
				90FCD8181BB3D43800FFAF10 /* ECDepartmentListCell.h */,
				90FCD8191BB3D43800FFAF10 /* ECDepartmentListCell.m */,
				90FCD81A1BB3D43800FFAF10 /* ECDepartmentListCell.xib */,
			);
			path = ECContactTableViewCell;
			sourceTree = "<group>";
		};
		90127DE91B8C2E5B007534A6 /* ContactInfo */ = {
			isa = PBXGroup;
			children = (
			);
			path = ContactInfo;
			sourceTree = "<group>";
		};
		902B0E721B8DB1F400EBA3FE /* Framework */ = {
			isa = PBXGroup;
			children = (
				903113991BA02F4900B0E487 /* StoreKit.framework */,
				903113971BA025CE00B0E487 /* CoreData.framework */,
				903113951BA025BF00B0E487 /* Social.framework */,
				903113931BA025B200B0E487 /* Accounts.framework */,
				907AE1361B95A07E00E8B9FC /* UIKit.framework */,
				902B0E6D1B8DB16800EBA3FE /* MobileCoreServices.framework */,
				902B0E6B1B8DB16200EBA3FE /* CFNetwork.framework */,
				902B0E691B8DB15E00EBA3FE /* libxml2.dylib */,
				902B0E671B8DB15400EBA3FE /* libresolv.dylib */,
				902B0E651B8DB15000EBA3FE /* libiconv.dylib */,
				902B0E631B8DB14B00EBA3FE /* libz.dylib */,
				902B0E611B8DB14500EBA3FE /* libstdc++.6.0.9.dylib */,
				90127DD41B8C23BC007534A6 /* libsqlite3.dylib */,
			);
			name = Framework;
			sourceTree = "<group>";
		};
		902B0E731B8DB29700EBA3FE /* Login&Register */ = {
			isa = PBXGroup;
			children = (
				902B0E771B8DB52700EBA3FE /* ECRegisterViewController.h */,
				902B0E781B8DB52700EBA3FE /* ECRegisterViewController.m */,
				902B0E7C1B8DBD8F00EBA3FE /* ECLoginViewController.h */,
				902B0E7D1B8DBD8F00EBA3FE /* ECLoginViewController.m */,
				902B0E7E1B8DBD8F00EBA3FE /* ECLoginViewController.xib */,
			);
			path = "Login&Register";
			sourceTree = "<group>";
		};
		9034B3BE1B6A1932000D0107 /* chatList */ = {
			isa = PBXGroup;
			children = (
				9034B3BF1B6A1932000D0107 /* chatListCellHead.png */,
				9034B3C01B6A1932000D0107 /* chatListCellHead@2x.png */,
			);
			path = chatList;
			sourceTree = "<group>";
		};
		903EA8E31B67388A000AF5B3 /* Resources */ = {
			isa = PBXGroup;
			children = (
				901758141B8DD5FE004CD075 /* initialize.png */,
				9034B3BE1B6A1932000D0107 /* chatList */,
			);
			path = Resources;
			sourceTree = "<group>";
		};
		90519B801B6657750048A081 = {
			isa = PBXGroup;
			children = (
				90519B8B1B6657750048A081 /* enterpriseChat */,
				90519B8A1B6657750048A081 /* Products */,
				0072F622FDD2078DB766153C /* Frameworks */,
				CA3504E486DE48BDE8CFA4CB /* Pods */,
			);
			sourceTree = "<group>";
		};
		90519B8A1B6657750048A081 /* Products */ = {
			isa = PBXGroup;
			children = (
				90519B891B6657750048A081 /* enterpriseChat.app */,
			);
			name = Products;
			sourceTree = "<group>";
		};
		90519B8B1B6657750048A081 /* enterpriseChat */ = {
			isa = PBXGroup;
			children = (
				9072371F1B90516000F032BA /* Protocol */,
				90E921D31B68EFDA00FFB4D7 /* Category */,
				90519C221B665BFA0048A081 /* Custom */,
				90519C211B665BDA0048A081 /* Common */,
				90519C201B665BCA0048A081 /* Manager */,
				90519C001B6657E30048A081 /* Class */,
				90519B901B6657750048A081 /* AppDelegate.h */,
				90519B911B6657750048A081 /* AppDelegate.m */,
				90519B991B6657750048A081 /* Images.xcassets */,
				90519B8C1B6657750048A081 /* Supporting Files */,
				902B0E6F1B8DB18F00EBA3FE /* AppDelegate+EaseMob.h */,
				902B0E701B8DB18F00EBA3FE /* AppDelegate+EaseMob.m */,
			);
			path = enterpriseChat;
			sourceTree = "<group>";
		};
		90519B8C1B6657750048A081 /* Supporting Files */ = {
			isa = PBXGroup;
			children = (
				902B0E721B8DB1F400EBA3FE /* Framework */,
				903EA8E31B67388A000AF5B3 /* Resources */,
				90519B8D1B6657750048A081 /* Info.plist */,
				90519B8E1B6657750048A081 /* main.m */,
				90519C2F1B665EDC0048A081 /* enterpriseDefine.h */,
				90E921DA1B68F01D00FFB4D7 /* enterpriseChat.pch */,
				90127DD71B8C2614007534A6 /* ECErrorDefs.h */,
			);
			name = "Supporting Files";
			sourceTree = "<group>";
		};
		90519C001B6657E30048A081 /* Class */ = {
			isa = PBXGroup;
			children = (
				90858FA41B95C2930088E992 /* Model */,
				902B0E731B8DB29700EBA3FE /* Login&Register */,
				90127DC31B8C2375007534A6 /* Contacts */,
				90519C0C1B665AB30048A081 /* Chats */,
				90519C081B665A740048A081 /* Base */,
				90519C021B6658370048A081 /* Enterprise */,
				90519C031B6658370048A081 /* Main */,
				90519C041B6658370048A081 /* Setttings */,
			);
			path = Class;
			sourceTree = "<group>";
		};
		90519C021B6658370048A081 /* Enterprise */ = {
			isa = PBXGroup;
			children = (
				90519C1F1B665BA70048A081 /* EnterpriseList */,
			);
			path = Enterprise;
			sourceTree = "<group>";
		};
		90519C031B6658370048A081 /* Main */ = {
			isa = PBXGroup;
			children = (
				90519C231B665C7D0048A081 /* ECMainViewController.h */,
				90519C241B665C7D0048A081 /* ECMainViewController.m */,
				90519C301B665F450048A081 /* ECNavigationController.h */,
				90519C311B665F450048A081 /* ECNavigationController.m */,
			);
			path = Main;
			sourceTree = "<group>";
		};
		90519C041B6658370048A081 /* Setttings */ = {
			isa = PBXGroup;
			children = (
				90519C2C1B665CFE0048A081 /* ECSettingsListViewController.h */,
				90519C2D1B665CFE0048A081 /* ECSettingsListViewController.m */,
			);
			path = Setttings;
			sourceTree = "<group>";
		};
		90519C081B665A740048A081 /* Base */ = {
			isa = PBXGroup;
			children = (
				9011DFBE1B6A3C8700FFFFFB /* ECBaseTableViewController.h */,
				9011DFBF1B6A3C8700FFFFFB /* ECBaseTableViewController.m */,
				9011DFC01B6A3C8700FFFFFB /* ECBaseViewController.h */,
				9011DFC11B6A3C8700FFFFFB /* ECBaseViewController.m */,
			);
			path = Base;
			sourceTree = "<group>";
		};
		90519C0C1B665AB30048A081 /* Chats */ = {
			isa = PBXGroup;
			children = (
				90519C191B665B470048A081 /* ChatView */,
				90519C141B665AEA0048A081 /* ChatList */,
			);
			path = Chats;
			sourceTree = "<group>";
		};
		90519C141B665AEA0048A081 /* ChatList */ = {
			isa = PBXGroup;
			children = (
				9011DFD21B6A3F9900FFFFFB /* ECChatListCell */,
				90519C161B665B030048A081 /* ECChatListViewController.h */,
				90519C171B665B030048A081 /* ECChatListViewController.m */,
			);
			path = ChatList;
			sourceTree = "<group>";
		};
		90519C191B665B470048A081 /* ChatView */ = {
			isa = PBXGroup;
			children = (
				90519C1A1B665B470048A081 /* ECChatViewController.h */,
				90519C1B1B665B470048A081 /* ECChatViewController.m */,
			);
			path = ChatView;
			sourceTree = "<group>";
		};
		90519C1F1B665BA70048A081 /* EnterpriseList */ = {
			isa = PBXGroup;
			children = (
				90519C291B665CE50048A081 /* ECEnterpriseListViewController.h */,
				90519C2A1B665CE50048A081 /* ECEnterpriseListViewController.m */,
			);
			path = EnterpriseList;
			sourceTree = "<group>";
		};
		90519C201B665BCA0048A081 /* Manager */ = {
			isa = PBXGroup;
			children = (
				90519C361B6660600048A081 /* ECViewManager.h */,
				90519C371B6660600048A081 /* ECViewManager.m */,
				90127DC01B8C22CC007534A6 /* ECDBManager.h */,
				90127DC11B8C22CC007534A6 /* ECDBManager.m */,
			);
			path = Manager;
			sourceTree = "<group>";
		};
		90519C211B665BDA0048A081 /* Common */ = {
			isa = PBXGroup;
			children = (
				9061CC981BBA4C2500D58726 /* ECSearchBar */,
				90D7937F1BA2C55800F6CA41 /* ECScrollView */,
				909D95BE1B8C70E1002F5160 /* kxmenu */,
			);
			path = Common;
			sourceTree = "<group>";
		};
		90519C221B665BFA0048A081 /* Custom */ = {
			isa = PBXGroup;
			children = (
				9063A39B1B6B5251007D4ED8 /* EMSearchDisplayController.h */,
				9063A39C1B6B5251007D4ED8 /* EMSearchDisplayController.m */,
				9063A3981B6B50A5007D4ED8 /* RealtimeSearchUtil.h */,
				9063A3991B6B50A5007D4ED8 /* RealtimeSearchUtil.m */,
			);
			path = Custom;
			sourceTree = "<group>";
		};
		9061CC981BBA4C2500D58726 /* ECSearchBar */ = {
			isa = PBXGroup;
			children = (
				9061CC991BBA4C2E00D58726 /* ECSearchBar.h */,
				9061CC9A1BBA4C2E00D58726 /* ECSearchBar.m */,
			);
			path = ECSearchBar;
			sourceTree = "<group>";
		};
		9072371F1B90516000F032BA /* Protocol */ = {
			isa = PBXGroup;
			children = (
			);
			path = Protocol;
			sourceTree = "<group>";
		};
		90858FA41B95C2930088E992 /* Model */ = {
			isa = PBXGroup;
			children = (
				90858FAC1B95C2930088E992 /* ContactModel */,
				90858FAF1B95C2930088E992 /* DepartmentModel */,
			);
			path = Model;
			sourceTree = "<group>";
		};
		90858FAC1B95C2930088E992 /* ContactModel */ = {
			isa = PBXGroup;
			children = (
				90858FAD1B95C2930088E992 /* ECContactModel.h */,
				90858FAE1B95C2930088E992 /* ECContactModel.m */,
				90FCD80A1BB3B33500FFAF10 /* ECConverstaionModel.h */,
				90FCD80B1BB3B33500FFAF10 /* ECConverstaionModel.m */,
				90FCD80D1BB3B4A600FFAF10 /* ECGroupModel.h */,
				90FCD80E1BB3B4A600FFAF10 /* ECGroupModel.m */,
			);
			path = ContactModel;
			sourceTree = "<group>";
		};
		90858FAF1B95C2930088E992 /* DepartmentModel */ = {
			isa = PBXGroup;
			children = (
				90858FB01B95C2930088E992 /* ECDepartmentModel.h */,
				90858FB11B95C2930088E992 /* ECDepartmentModel.m */,
			);
			path = DepartmentModel;
			sourceTree = "<group>";
		};
		909D95BE1B8C70E1002F5160 /* kxmenu */ = {
			isa = PBXGroup;
			children = (
				909D95BF1B8C70E1002F5160 /* KxMenu.h */,
				909D95C01B8C70E1002F5160 /* KxMenu.m */,
			);
			path = kxmenu;
			sourceTree = "<group>";
		};
		90D7937F1BA2C55800F6CA41 /* ECScrollView */ = {
			isa = PBXGroup;
			children = (
				90D793801BA2C55800F6CA41 /* ECScrollView.h */,
				90D793811BA2C55800F6CA41 /* ECScrollView.m */,
			);
			path = ECScrollView;
			sourceTree = "<group>";
		};
		90E921D31B68EFDA00FFB4D7 /* Category */ = {
			isa = PBXGroup;
			children = (
				901758161B8DE062004CD075 /* UIViewController+DismissKeyboard.h */,
				901758171B8DE062004CD075 /* UIViewController+DismissKeyboard.m */,
				901758111B8DD28F004CD075 /* UIScrollView+EmptyDataSet.h */,
				901758121B8DD28F004CD075 /* UIScrollView+EmptyDataSet.m */,
				9034B3E41B6A1B5F000D0107 /* UIView+Radius.h */,
				9034B3E51B6A1B5F000D0107 /* UIView+Radius.m */,
				90E921D41B68EFDA00FFB4D7 /* UIView+Frame.h */,
				90E921D51B68EFDA00FFB4D7 /* UIView+Frame.m */,
				901A5F511B8EC95F0056B37D /* UITextField+Category.h */,
				901A5F521B8EC95F0056B37D /* UITextField+Category.m */,
				90C918921B96CDD6005F1658 /* NSString+Category.h */,
				90C918931B96CDD6005F1658 /* NSString+Category.m */,
			);
			path = Category;
			sourceTree = "<group>";
		};
		CA3504E486DE48BDE8CFA4CB /* Pods */ = {
			isa = PBXGroup;
			children = (
				BDD96A69046C3E398D010765 /* Pods.debug.xcconfig */,
				B1A585732003E48780CD9E6C /* Pods.release.xcconfig */,
			);
			name = Pods;
			sourceTree = "<group>";
		};
/* End PBXGroup section */

/* Begin PBXNativeTarget section */
		90519B881B6657750048A081 /* enterpriseChat */ = {
			isa = PBXNativeTarget;
			buildConfigurationList = 90519BAC1B6657750048A081 /* Build configuration list for PBXNativeTarget "enterpriseChat" */;
			buildPhases = (
				0A37F23F975F2A3977618A9E /* Check Pods Manifest.lock */,
				90519B851B6657750048A081 /* Sources */,
				90519B861B6657750048A081 /* Frameworks */,
				90519B871B6657750048A081 /* Resources */,
				F300D8386EFC766E7F53489F /* Copy Pods Resources */,
			);
			buildRules = (
			);
			dependencies = (
			);
			name = enterpriseChat;
			productName = enterpriseChat;
			productReference = 90519B891B6657750048A081 /* enterpriseChat.app */;
			productType = "com.apple.product-type.application";
		};
/* End PBXNativeTarget section */

/* Begin PBXProject section */
		90519B811B6657750048A081 /* Project object */ = {
			isa = PBXProject;
			attributes = {
				LastUpgradeCheck = 0700;
				ORGANIZATIONNAME = easemob;
				TargetAttributes = {
					90519B881B6657750048A081 = {
						CreatedOnToolsVersion = 6.4;
					};
				};
			};
			buildConfigurationList = 90519B841B6657750048A081 /* Build configuration list for PBXProject "enterpriseChat" */;
			compatibilityVersion = "Xcode 3.2";
			developmentRegion = English;
			hasScannedForEncodings = 0;
			knownRegions = (
				en,
				Base,
			);
			mainGroup = 90519B801B6657750048A081;
			productRefGroup = 90519B8A1B6657750048A081 /* Products */;
			projectDirPath = "";
			projectRoot = "";
			targets = (
				90519B881B6657750048A081 /* enterpriseChat */,
			);
		};
/* End PBXProject section */

/* Begin PBXResourcesBuildPhase section */
		90519B871B6657750048A081 /* Resources */ = {
			isa = PBXResourcesBuildPhase;
			buildActionMask = 2147483647;
			files = (
				902B0E801B8DBD8F00EBA3FE /* ECLoginViewController.xib in Resources */,
				9034B3D21B6A1932000D0107 /* chatListCellHead.png in Resources */,
				901758151B8DD5FE004CD075 /* initialize.png in Resources */,
				9011DFD91B6A3F9900FFFFFB /* ECChatListCell.xib in Resources */,
				9034B3D31B6A1932000D0107 /* chatListCellHead@2x.png in Resources */,
				90127DD01B8C2375007534A6 /* ECContactListCell.xib in Resources */,
				90519B9A1B6657750048A081 /* Images.xcassets in Resources */,
				90FCD81C1BB3D43800FFAF10 /* ECDepartmentListCell.xib in Resources */,
			);
			runOnlyForDeploymentPostprocessing = 0;
		};
/* End PBXResourcesBuildPhase section */

/* Begin PBXShellScriptBuildPhase section */
		0A37F23F975F2A3977618A9E /* Check Pods Manifest.lock */ = {
			isa = PBXShellScriptBuildPhase;
			buildActionMask = 2147483647;
			files = (
			);
			inputPaths = (
			);
			name = "Check Pods Manifest.lock";
			outputPaths = (
			);
			runOnlyForDeploymentPostprocessing = 0;
			shellPath = /bin/sh;
			shellScript = "diff \"${PODS_ROOT}/../Podfile.lock\" \"${PODS_ROOT}/Manifest.lock\" > /dev/null\nif [[ $? != 0 ]] ; then\n    cat << EOM\nerror: The sandbox is not in sync with the Podfile.lock. Run 'pod install' or update your CocoaPods installation.\nEOM\n    exit 1\nfi\n";
			showEnvVarsInLog = 0;
		};
		F300D8386EFC766E7F53489F /* Copy Pods Resources */ = {
			isa = PBXShellScriptBuildPhase;
			buildActionMask = 2147483647;
			files = (
			);
			inputPaths = (
			);
			name = "Copy Pods Resources";
			outputPaths = (
			);
			runOnlyForDeploymentPostprocessing = 0;
			shellPath = /bin/sh;
			shellScript = "\"${SRCROOT}/Pods/Target Support Files/Pods/Pods-resources.sh\"\n";
			showEnvVarsInLog = 0;
		};
/* End PBXShellScriptBuildPhase section */

/* Begin PBXSourcesBuildPhase section */
		90519B851B6657750048A081 /* Sources */ = {
			isa = PBXSourcesBuildPhase;
			buildActionMask = 2147483647;
			files = (
				901758181B8DE062004CD075 /* UIViewController+DismissKeyboard.m in Sources */,
				90519C1C1B665B470048A081 /* ECChatViewController.m in Sources */,
				90E921D81B68EFDA00FFB4D7 /* UIView+Frame.m in Sources */,
				90519C2E1B665CFE0048A081 /* ECSettingsListViewController.m in Sources */,
				902B0E711B8DB18F00EBA3FE /* AppDelegate+EaseMob.m in Sources */,
				902B0E791B8DB52700EBA3FE /* ECRegisterViewController.m in Sources */,
				905AFAA41BB4EF6C005EA1AC /* ECDepartmentListManagerViewController.m in Sources */,
				90519C381B6660600048A081 /* ECViewManager.m in Sources */,
				9011DFC21B6A3C8700FFFFFB /* ECBaseTableViewController.m in Sources */,
				90127DC21B8C22CC007534A6 /* ECDBManager.m in Sources */,
				909D95C11B8C70E1002F5160 /* KxMenu.m in Sources */,
				90127DD21B8C2375007534A6 /* ECDepartmentListViewController.m in Sources */,
				9063A39D1B6B5251007D4ED8 /* EMSearchDisplayController.m in Sources */,
				90519B921B6657750048A081 /* AppDelegate.m in Sources */,
				90858FB51B95C2930088E992 /* ECContactModel.m in Sources */,
				90FCD80C1BB3B33500FFAF10 /* ECConverstaionModel.m in Sources */,
				90FCD80F1BB3B4A600FFAF10 /* ECGroupModel.m in Sources */,
				90127DCF1B8C2375007534A6 /* ECContactListCell.m in Sources */,
				9063A39A1B6B50A5007D4ED8 /* RealtimeSearchUtil.m in Sources */,
				90D793821BA2C55800F6CA41 /* ECScrollView.m in Sources */,
				90519C181B665B030048A081 /* ECChatListViewController.m in Sources */,
				90519B8F1B6657750048A081 /* main.m in Sources */,
				90519C321B665F450048A081 /* ECNavigationController.m in Sources */,
				901A5F531B8EC95F0056B37D /* UITextField+Category.m in Sources */,
				9011DFC31B6A3C8700FFFFFB /* ECBaseViewController.m in Sources */,
				9061CC9B1BBA4C2E00D58726 /* ECSearchBar.m in Sources */,
				902B0E7F1B8DBD8F00EBA3FE /* ECLoginViewController.m in Sources */,
				9034B3E61B6A1B5F000D0107 /* UIView+Radius.m in Sources */,
				90FCD81B1BB3D43800FFAF10 /* ECDepartmentListCell.m in Sources */,
				90C918941B96CDD6005F1658 /* NSString+Category.m in Sources */,
				90519C2B1B665CE50048A081 /* ECEnterpriseListViewController.m in Sources */,
				90519C251B665C7D0048A081 /* ECMainViewController.m in Sources */,
				90858FB61B95C2930088E992 /* ECDepartmentModel.m in Sources */,
				9011DFD81B6A3F9900FFFFFB /* ECChatListCell.m in Sources */,
				901758131B8DD28F004CD075 /* UIScrollView+EmptyDataSet.m in Sources */,
				90127DD31B8C2375007534A6 /* ECContactsListViewController.m in Sources */,
			);
			runOnlyForDeploymentPostprocessing = 0;
		};
/* End PBXSourcesBuildPhase section */

/* Begin XCBuildConfiguration section */
		90519BAA1B6657750048A081 /* Debug */ = {
			isa = XCBuildConfiguration;
			buildSettings = {
				ALWAYS_SEARCH_USER_PATHS = NO;
				CLANG_CXX_LANGUAGE_STANDARD = "gnu++0x";
				CLANG_CXX_LIBRARY = "libc++";
				CLANG_ENABLE_MODULES = YES;
				CLANG_ENABLE_OBJC_ARC = YES;
				CLANG_WARN_BOOL_CONVERSION = YES;
				CLANG_WARN_CONSTANT_CONVERSION = YES;
				CLANG_WARN_DIRECT_OBJC_ISA_USAGE = YES_ERROR;
				CLANG_WARN_EMPTY_BODY = YES;
				CLANG_WARN_ENUM_CONVERSION = YES;
				CLANG_WARN_INT_CONVERSION = YES;
				CLANG_WARN_OBJC_ROOT_CLASS = YES_ERROR;
				CLANG_WARN_UNREACHABLE_CODE = YES;
				CLANG_WARN__DUPLICATE_METHOD_MATCH = YES;
				"CODE_SIGN_IDENTITY[sdk=iphoneos*]" = "iPhone Developer";
				COPY_PHASE_STRIP = NO;
				DEBUG_INFORMATION_FORMAT = "dwarf-with-dsym";
				ENABLE_STRICT_OBJC_MSGSEND = YES;
				ENABLE_TESTABILITY = YES;
				GCC_C_LANGUAGE_STANDARD = gnu99;
				GCC_DYNAMIC_NO_PIC = NO;
				GCC_NO_COMMON_BLOCKS = YES;
				GCC_OPTIMIZATION_LEVEL = 0;
				GCC_PREPROCESSOR_DEFINITIONS = (
					"DEBUG=1",
					"$(inherited)",
				);
				GCC_SYMBOLS_PRIVATE_EXTERN = NO;
				GCC_WARN_64_TO_32_BIT_CONVERSION = YES;
				GCC_WARN_ABOUT_RETURN_TYPE = YES_ERROR;
				GCC_WARN_UNDECLARED_SELECTOR = YES;
				GCC_WARN_UNINITIALIZED_AUTOS = YES_AGGRESSIVE;
				GCC_WARN_UNUSED_FUNCTION = YES;
				GCC_WARN_UNUSED_VARIABLE = YES;
				IPHONEOS_DEPLOYMENT_TARGET = 7.0;
				MTL_ENABLE_DEBUG_INFO = YES;
				ONLY_ACTIVE_ARCH = YES;
				SDKROOT = iphoneos;
			};
			name = Debug;
		};
		90519BAB1B6657750048A081 /* Release */ = {
			isa = XCBuildConfiguration;
			buildSettings = {
				ALWAYS_SEARCH_USER_PATHS = NO;
				CLANG_CXX_LANGUAGE_STANDARD = "gnu++0x";
				CLANG_CXX_LIBRARY = "libc++";
				CLANG_ENABLE_MODULES = YES;
				CLANG_ENABLE_OBJC_ARC = YES;
				CLANG_WARN_BOOL_CONVERSION = YES;
				CLANG_WARN_CONSTANT_CONVERSION = YES;
				CLANG_WARN_DIRECT_OBJC_ISA_USAGE = YES_ERROR;
				CLANG_WARN_EMPTY_BODY = YES;
				CLANG_WARN_ENUM_CONVERSION = YES;
				CLANG_WARN_INT_CONVERSION = YES;
				CLANG_WARN_OBJC_ROOT_CLASS = YES_ERROR;
				CLANG_WARN_UNREACHABLE_CODE = YES;
				CLANG_WARN__DUPLICATE_METHOD_MATCH = YES;
				"CODE_SIGN_IDENTITY[sdk=iphoneos*]" = "iPhone Developer";
				COPY_PHASE_STRIP = NO;
				DEBUG_INFORMATION_FORMAT = "dwarf-with-dsym";
				ENABLE_NS_ASSERTIONS = NO;
				ENABLE_STRICT_OBJC_MSGSEND = YES;
				GCC_C_LANGUAGE_STANDARD = gnu99;
				GCC_NO_COMMON_BLOCKS = YES;
				GCC_WARN_64_TO_32_BIT_CONVERSION = YES;
				GCC_WARN_ABOUT_RETURN_TYPE = YES_ERROR;
				GCC_WARN_UNDECLARED_SELECTOR = YES;
				GCC_WARN_UNINITIALIZED_AUTOS = YES_AGGRESSIVE;
				GCC_WARN_UNUSED_FUNCTION = YES;
				GCC_WARN_UNUSED_VARIABLE = YES;
				IPHONEOS_DEPLOYMENT_TARGET = 7.0;
				MTL_ENABLE_DEBUG_INFO = NO;
				SDKROOT = iphoneos;
				VALIDATE_PRODUCT = YES;
			};
			name = Release;
		};
		90519BAD1B6657750048A081 /* Debug */ = {
			isa = XCBuildConfiguration;
			baseConfigurationReference = BDD96A69046C3E398D010765 /* Pods.debug.xcconfig */;
			buildSettings = {
				ASSETCATALOG_COMPILER_APPICON_NAME = AppIcon;
				ASSETCATALOG_COMPILER_LAUNCHIMAGE_NAME = LaunchImage;
				ENABLE_BITCODE = NO;
				FRAMEWORK_SEARCH_PATHS = "$(inherited)";
				GCC_PREFIX_HEADER = "$(PROJECT_DIR)/enterpriseChat/enterpriseChat.pch";
				INFOPLIST_FILE = enterpriseChat/Info.plist;
				IPHONEOS_DEPLOYMENT_TARGET = 7.0;
				LD_RUNPATH_SEARCH_PATHS = "$(inherited) @executable_path/Frameworks";
				LIBRARY_SEARCH_PATHS = "$(inherited)";
				OTHER_LDFLAGS = "$(inherited)";
				PRODUCT_BUNDLE_IDENTIFIER = "easemob.$(PRODUCT_NAME:rfc1034identifier)";
				PRODUCT_NAME = "$(TARGET_NAME)";
			};
			name = Debug;
		};
		90519BAE1B6657750048A081 /* Release */ = {
			isa = XCBuildConfiguration;
			baseConfigurationReference = B1A585732003E48780CD9E6C /* Pods.release.xcconfig */;
			buildSettings = {
				ASSETCATALOG_COMPILER_APPICON_NAME = AppIcon;
				ASSETCATALOG_COMPILER_LAUNCHIMAGE_NAME = LaunchImage;
				ENABLE_BITCODE = NO;
				FRAMEWORK_SEARCH_PATHS = "$(inherited)";
				GCC_PREFIX_HEADER = "$(PROJECT_DIR)/enterpriseChat/enterpriseChat.pch";
				INFOPLIST_FILE = enterpriseChat/Info.plist;
				IPHONEOS_DEPLOYMENT_TARGET = 7.0;
				LD_RUNPATH_SEARCH_PATHS = "$(inherited) @executable_path/Frameworks";
				LIBRARY_SEARCH_PATHS = "$(inherited)";
				OTHER_LDFLAGS = "$(inherited)";
				PRODUCT_BUNDLE_IDENTIFIER = "easemob.$(PRODUCT_NAME:rfc1034identifier)";
				PRODUCT_NAME = "$(TARGET_NAME)";
			};
			name = Release;
		};
/* End XCBuildConfiguration section */

/* Begin XCConfigurationList section */
		90519B841B6657750048A081 /* Build configuration list for PBXProject "enterpriseChat" */ = {
			isa = XCConfigurationList;
			buildConfigurations = (
				90519BAA1B6657750048A081 /* Debug */,
				90519BAB1B6657750048A081 /* Release */,
			);
			defaultConfigurationIsVisible = 0;
			defaultConfigurationName = Release;
		};
		90519BAC1B6657750048A081 /* Build configuration list for PBXNativeTarget "enterpriseChat" */ = {
			isa = XCConfigurationList;
			buildConfigurations = (
				90519BAD1B6657750048A081 /* Debug */,
				90519BAE1B6657750048A081 /* Release */,
			);
			defaultConfigurationIsVisible = 0;
			defaultConfigurationName = Release;
		};
/* End XCConfigurationList section */
	};
	rootObject = 90519B811B6657750048A081 /* Project object */;
}
